// !$*UTF8*$!
{
	archiveVersion = 1;
	classes = {
	};
	objectVersion = 46;
	objects = {

/* Begin PBXBuildFile section */
		5B0264001BD03E190040F71E /* GHTokensGenerator.m in Sources */ = {isa = PBXBuildFile; fileRef = 5B0263FF1BD03E190040F71E /* GHTokensGenerator.m */; };
		5B0264031BD03E510040F71E /* GHTokenFormatterBuilder.m in Sources */ = {isa = PBXBuildFile; fileRef = 5B0264021BD03E510040F71E /* GHTokenFormatterBuilder.m */; };
		5B0264061BD03FB00040F71E /* GHTestTokenFormatter.m in Sources */ = {isa = PBXBuildFile; fileRef = 5B0264051BD03FB00040F71E /* GHTestTokenFormatter.m */; };
		5B18C88A1BCD35B900D16073 /* GHTokenScanner.m in Sources */ = {isa = PBXBuildFile; fileRef = 5B18C8891BCD35B900D16073 /* GHTokenScanner.m */; };
		5B18C88E1BCD3D6300D16073 /* GHGherkinLineSpan.m in Sources */ = {isa = PBXBuildFile; fileRef = 5B18C88D1BCD3D6300D16073 /* GHGherkinLineSpan.m */; };
		5B18C8901BCD3EA200D16073 /* GHGherkinDialect.m in Sources */ = {isa = PBXBuildFile; fileRef = 5B18C88F1BCD3EA200D16073 /* GHGherkinDialect.m */; };
		5B18C8951BCD5C1C00D16073 /* GHToken.m in Sources */ = {isa = PBXBuildFile; fileRef = 5B18C8861BCD34EB00D16073 /* GHToken.m */; };
		5B18C8961BCD5C2300D16073 /* GHGherkinLine.m in Sources */ = {isa = PBXBuildFile; fileRef = 5B18C8811BCD34EB00D16073 /* GHGherkinLine.m */; };
		5B18C8971BCD5C2600D16073 /* GHGherkinLanguageConstants.m in Sources */ = {isa = PBXBuildFile; fileRef = 5B18C8801BCD34EB00D16073 /* GHGherkinLanguageConstants.m */; };
		5B18C8981BCD5C2800D16073 /* GHGherkinDialectProvider.m in Sources */ = {isa = PBXBuildFile; fileRef = 5B18C87F1BCD34EB00D16073 /* GHGherkinDialectProvider.m */; };
		5B18C89C1BCD747D00D16073 /* NSString+Trim.m in Sources */ = {isa = PBXBuildFile; fileRef = 5B18C89B1BCD747D00D16073 /* NSString+Trim.m */; };
		5B18C89F1BCD797800D16073 /* GHGherkinLanguageSetting.m in Sources */ = {isa = PBXBuildFile; fileRef = 5B18C89E1BCD797800D16073 /* GHGherkinLanguageSetting.m */; };
		5B18C8A01BCD81FC00D16073 /* GHTokenMatcher.m in Sources */ = {isa = PBXBuildFile; fileRef = 5B18C8871BCD34EB00D16073 /* GHTokenMatcher.m */; };
		5B18C8A51BCDA46C00D16073 /* GHAstNode.m in Sources */ = {isa = PBXBuildFile; fileRef = 5B18C8A41BCDA46C00D16073 /* GHAstNode.m */; };
		5B18C8AF1BCDBF6300D16073 /* libGherkiniOS.a in Frameworks */ = {isa = PBXBuildFile; fileRef = 5B18C83F1BCD0BD400D16073 /* libGherkiniOS.a */; };
		5B18C8B61BCDBF8A00D16073 /* GHGherkinLineTest.m in Sources */ = {isa = PBXBuildFile; fileRef = 5B18C8B51BCDBF8A00D16073 /* GHGherkinLineTest.m */; };
		5B18C8B81BCDC06E00D16073 /* GHAstBuilder.m in Sources */ = {isa = PBXBuildFile; fileRef = 5B18C87C1BCD34EB00D16073 /* GHAstBuilder.m */; };
		5B18C8E11BCE423800D16073 /* GHBackground.m in Sources */ = {isa = PBXBuildFile; fileRef = 5B18C8BB1BCE423800D16073 /* GHBackground.m */; };
		5B18C8E21BCE423800D16073 /* GHComment.m in Sources */ = {isa = PBXBuildFile; fileRef = 5B18C8BD1BCE423800D16073 /* GHComment.m */; };
		5B18C8E31BCE423800D16073 /* GHDataTable.m in Sources */ = {isa = PBXBuildFile; fileRef = 5B18C8BF1BCE423800D16073 /* GHDataTable.m */; };
		5B18C8E41BCE423800D16073 /* GHDocString.m in Sources */ = {isa = PBXBuildFile; fileRef = 5B18C8C11BCE423800D16073 /* GHDocString.m */; };
		5B18C8E51BCE423800D16073 /* GHExamples.m in Sources */ = {isa = PBXBuildFile; fileRef = 5B18C8C41BCE423800D16073 /* GHExamples.m */; };
		5B18C8E61BCE423800D16073 /* GHFeature.m in Sources */ = {isa = PBXBuildFile; fileRef = 5B18C8C61BCE423800D16073 /* GHFeature.m */; };
		5B18C8E71BCE423800D16073 /* GHLocation.m in Sources */ = {isa = PBXBuildFile; fileRef = 5B18C8CD1BCE423800D16073 /* GHLocation.m */; };
		5B18C8E81BCE423800D16073 /* GHNode.m in Sources */ = {isa = PBXBuildFile; fileRef = 5B18C8CF1BCE423800D16073 /* GHNode.m */; };
		5B18C8E91BCE423800D16073 /* GHScenario.m in Sources */ = {isa = PBXBuildFile; fileRef = 5B18C8D11BCE423800D16073 /* GHScenario.m */; };
		5B18C8EA1BCE423800D16073 /* GHScenarioDefinition.m in Sources */ = {isa = PBXBuildFile; fileRef = 5B18C8D41BCE423800D16073 /* GHScenarioDefinition.m */; };
		5B18C8EB1BCE423800D16073 /* GHScenarioOutline.m in Sources */ = {isa = PBXBuildFile; fileRef = 5B18C8D61BCE423800D16073 /* GHScenarioOutline.m */; };
		5B18C8EC1BCE423800D16073 /* GHStep.m in Sources */ = {isa = PBXBuildFile; fileRef = 5B18C8D81BCE423800D16073 /* GHStep.m */; };
		5B18C8ED1BCE423800D16073 /* GHStepArgument.m in Sources */ = {isa = PBXBuildFile; fileRef = 5B18C8DA1BCE423800D16073 /* GHStepArgument.m */; };
		5B18C8EE1BCE423800D16073 /* GHTableCell.m in Sources */ = {isa = PBXBuildFile; fileRef = 5B18C8DC1BCE423800D16073 /* GHTableCell.m */; };
		5B18C8EF1BCE423800D16073 /* GHTableRow.m in Sources */ = {isa = PBXBuildFile; fileRef = 5B18C8DE1BCE423800D16073 /* GHTableRow.m */; };
		5B18C8F01BCE423800D16073 /* GHTag.m in Sources */ = {isa = PBXBuildFile; fileRef = 5B18C8E01BCE423800D16073 /* GHTag.m */; };
		5B18C8F51BCE970E00D16073 /* GHParser.m in Sources */ = {isa = PBXBuildFile; fileRef = 5B18C8F21BCE78C100D16073 /* GHParser.m */; };
		5B18C8F71BCEB58100D16073 /* GHParserException.m in Sources */ = {isa = PBXBuildFile; fileRef = 5B18C8851BCD34EB00D16073 /* GHParserException.m */; };
		5B99A5B61BD03CD000233759 /* NSObject+Dictionary.m in Sources */ = {isa = PBXBuildFile; fileRef = 5BAA18901BCF923700D59664 /* NSObject+Dictionary.m */; };
		5B99A5B71BD03CD000233759 /* GHAstGenerator.m in Sources */ = {isa = PBXBuildFile; fileRef = 5BAA17EB1BCEF60600D59664 /* GHAstGenerator.m */; };
		5B99A5B81BD03CD000233759 /* GHLineEndingHelper.m in Sources */ = {isa = PBXBuildFile; fileRef = 5BAA17EF1BCEF81100D59664 /* GHLineEndingHelper.m */; };
		5B99A5BA1BD03CD000233759 /* libGherkinOSX.a in Frameworks */ = {isa = PBXBuildFile; fileRef = 5BAA18081BCF00DA00D59664 /* libGherkinOSX.a */; };
		5B99A5BC1BD03CD000233759 /* GherkinLanguages.bundle in Resources */ = {isa = PBXBuildFile; fileRef = 5BAA17F81BCEFEA500D59664 /* GherkinLanguages.bundle */; };
		5B99A5C61BD03D6500233759 /* main.m in Sources */ = {isa = PBXBuildFile; fileRef = 5B99A5C51BD03D6500233759 /* main.m */; };
		5BAA17DE1BCED40600D59664 /* GHGherkinTokenizationTest.m in Sources */ = {isa = PBXBuildFile; fileRef = 5BAA17DD1BCED40600D59664 /* GHGherkinTokenizationTest.m */; };
		5BAA17E61BCEF4EA00D59664 /* main.m in Sources */ = {isa = PBXBuildFile; fileRef = 5BAA17E51BCEF4EA00D59664 /* main.m */; };
		5BAA17EC1BCEF60600D59664 /* GHAstGenerator.m in Sources */ = {isa = PBXBuildFile; fileRef = 5BAA17EB1BCEF60600D59664 /* GHAstGenerator.m */; };
		5BAA17F01BCEF81100D59664 /* GHLineEndingHelper.m in Sources */ = {isa = PBXBuildFile; fileRef = 5BAA17EF1BCEF81100D59664 /* GHLineEndingHelper.m */; };
		5BAA17FF1BCEFEC200D59664 /* gherkin-languages.json in Resources */ = {isa = PBXBuildFile; fileRef = 5BAA17FE1BCEFEC200D59664 /* gherkin-languages.json */; };
		5BAA18031BCEFEF600D59664 /* GherkinLanguages.bundle in Resources */ = {isa = PBXBuildFile; fileRef = 5BAA17F81BCEFEA500D59664 /* GherkinLanguages.bundle */; };
		5BAA18111BCF00E600D59664 /* GHAstBuilder.h in Headers */ = {isa = PBXBuildFile; fileRef = 5B18C8A21BCD86F100D16073 /* GHAstBuilder.h */; };
		5BAA18121BCF00E600D59664 /* GHAstBuilder.m in Sources */ = {isa = PBXBuildFile; fileRef = 5B18C87C1BCD34EB00D16073 /* GHAstBuilder.m */; };
		5BAA18131BCF00E600D59664 /* GHAstNode.h in Headers */ = {isa = PBXBuildFile; fileRef = 5B18C8A31BCDA46C00D16073 /* GHAstNode.h */; };
		5BAA18141BCF00E600D59664 /* GHAstNode.m in Sources */ = {isa = PBXBuildFile; fileRef = 5B18C8A41BCDA46C00D16073 /* GHAstNode.m */; };
		5BAA18151BCF00E600D59664 /* NSString+Trim.h in Headers */ = {isa = PBXBuildFile; fileRef = 5B18C89A1BCD747D00D16073 /* NSString+Trim.h */; };
		5BAA18161BCF00E600D59664 /* NSString+Trim.m in Sources */ = {isa = PBXBuildFile; fileRef = 5B18C89B1BCD747D00D16073 /* NSString+Trim.m */; };
		5BAA18171BCF00E600D59664 /* GHGherkinLanguageSetting.h in Headers */ = {isa = PBXBuildFile; fileRef = 5B18C89D1BCD797800D16073 /* GHGherkinLanguageSetting.h */; };
		5BAA18181BCF00E600D59664 /* GHGherkinLanguageSetting.m in Sources */ = {isa = PBXBuildFile; fileRef = 5B18C89E1BCD797800D16073 /* GHGherkinLanguageSetting.m */; };
		5BAA18191BCF00E600D59664 /* GHGherkinDialect.h in Headers */ = {isa = PBXBuildFile; fileRef = 5B18C87E1BCD34EB00D16073 /* GHGherkinDialect.h */; };
		5BAA181A1BCF00E600D59664 /* GHGherkinDialect.m in Sources */ = {isa = PBXBuildFile; fileRef = 5B18C88F1BCD3EA200D16073 /* GHGherkinDialect.m */; };
		5BAA181B1BCF00E600D59664 /* GHGherkinDialectProviderProtocol.h in Headers */ = {isa = PBXBuildFile; fileRef = 5B18C8A11BCD838800D16073 /* GHGherkinDialectProviderProtocol.h */; };
		5BAA181C1BCF00E600D59664 /* GHGherkinDialectProvider.h in Headers */ = {isa = PBXBuildFile; fileRef = 5B18C8991BCD5CFB00D16073 /* GHGherkinDialectProvider.h */; };
		5BAA181D1BCF00E600D59664 /* GHGherkinDialectProvider.m in Sources */ = {isa = PBXBuildFile; fileRef = 5B18C87F1BCD34EB00D16073 /* GHGherkinDialectProvider.m */; };
		5BAA181E1BCF00E600D59664 /* GHGherkinLanguageConstants.h in Headers */ = {isa = PBXBuildFile; fileRef = 5B18C8911BCD412D00D16073 /* GHGherkinLanguageConstants.h */; };
		5BAA181F1BCF00E600D59664 /* GHGherkinLanguageConstants.m in Sources */ = {isa = PBXBuildFile; fileRef = 5B18C8801BCD34EB00D16073 /* GHGherkinLanguageConstants.m */; };
		5BAA18201BCF00E600D59664 /* GHGherkinLine.h in Headers */ = {isa = PBXBuildFile; fileRef = 5B18C8931BCD47AF00D16073 /* GHGherkinLine.h */; settings = {ATTRIBUTES = (Public, ); }; };
		5BAA18211BCF00E600D59664 /* GHGherkinLine.m in Sources */ = {isa = PBXBuildFile; fileRef = 5B18C8811BCD34EB00D16073 /* GHGherkinLine.m */; };
		5BAA18221BCF00E600D59664 /* GHGherkinLineSpan.h in Headers */ = {isa = PBXBuildFile; fileRef = 5B18C8821BCD34EB00D16073 /* GHGherkinLineSpan.h */; };
		5BAA18231BCF00E600D59664 /* GHGherkinLineSpan.m in Sources */ = {isa = PBXBuildFile; fileRef = 5B18C88D1BCD3D6300D16073 /* GHGherkinLineSpan.m */; };
		5BAA18241BCF00E600D59664 /* GHGherkinLineProtocol.h in Headers */ = {isa = PBXBuildFile; fileRef = 5B18C8831BCD34EB00D16073 /* GHGherkinLineProtocol.h */; };
		5BAA18251BCF00E600D59664 /* GHParser+Extensions.h in Headers */ = {isa = PBXBuildFile; fileRef = 5B18C8F61BCEACEE00D16073 /* GHParser+Extensions.h */; };
		5BAA18261BCF00E600D59664 /* GHParser+Extensions.m in Sources */ = {isa = PBXBuildFile; fileRef = 5B18C8841BCD34EB00D16073 /* GHParser+Extensions.m */; };
		5BAA18271BCF00E600D59664 /* GHParserException.h in Headers */ = {isa = PBXBuildFile; fileRef = 5B18C8F41BCE944E00D16073 /* GHParserException.h */; };
		5BAA18281BCF00E600D59664 /* GHParserException.m in Sources */ = {isa = PBXBuildFile; fileRef = 5B18C8851BCD34EB00D16073 /* GHParserException.m */; };
		5BAA18291BCF00E600D59664 /* GHToken.h in Headers */ = {isa = PBXBuildFile; fileRef = 5B18C88B1BCD390600D16073 /* GHToken.h */; };
		5BAA182A1BCF00E600D59664 /* GHToken.m in Sources */ = {isa = PBXBuildFile; fileRef = 5B18C8861BCD34EB00D16073 /* GHToken.m */; };
		5BAA182B1BCF00E600D59664 /* GHTokenMatcher.h in Headers */ = {isa = PBXBuildFile; fileRef = 5B18C8921BCD479E00D16073 /* GHTokenMatcher.h */; };
		5BAA182C1BCF00E600D59664 /* GHTokenMatcher.m in Sources */ = {isa = PBXBuildFile; fileRef = 5B18C8871BCD34EB00D16073 /* GHTokenMatcher.m */; };
		5BAA182D1BCF00E600D59664 /* GHTokenScanner.h in Headers */ = {isa = PBXBuildFile; fileRef = 5B18C8881BCD34EB00D16073 /* GHTokenScanner.h */; };
		5BAA182E1BCF00E600D59664 /* GHTokenScanner.m in Sources */ = {isa = PBXBuildFile; fileRef = 5B18C8891BCD35B900D16073 /* GHTokenScanner.m */; };
		5BAA18301BCF00F000D59664 /* GHBackground.h in Headers */ = {isa = PBXBuildFile; fileRef = 5B18C8BA1BCE423800D16073 /* GHBackground.h */; };
		5BAA18311BCF00F000D59664 /* GHBackground.m in Sources */ = {isa = PBXBuildFile; fileRef = 5B18C8BB1BCE423800D16073 /* GHBackground.m */; };
		5BAA18321BCF00F000D59664 /* GHComment.h in Headers */ = {isa = PBXBuildFile; fileRef = 5B18C8BC1BCE423800D16073 /* GHComment.h */; };
		5BAA18331BCF00F000D59664 /* GHComment.m in Sources */ = {isa = PBXBuildFile; fileRef = 5B18C8BD1BCE423800D16073 /* GHComment.m */; };
		5BAA18341BCF00F000D59664 /* GHDataTable.h in Headers */ = {isa = PBXBuildFile; fileRef = 5B18C8BE1BCE423800D16073 /* GHDataTable.h */; };
		5BAA18351BCF00F000D59664 /* GHDataTable.m in Sources */ = {isa = PBXBuildFile; fileRef = 5B18C8BF1BCE423800D16073 /* GHDataTable.m */; };
		5BAA18361BCF00F000D59664 /* GHDocString.h in Headers */ = {isa = PBXBuildFile; fileRef = 5B18C8C01BCE423800D16073 /* GHDocString.h */; };
		5BAA18371BCF00F000D59664 /* GHDocString.m in Sources */ = {isa = PBXBuildFile; fileRef = 5B18C8C11BCE423800D16073 /* GHDocString.m */; };
		5BAA18381BCF00F000D59664 /* GHExamples.h in Headers */ = {isa = PBXBuildFile; fileRef = 5B18C8C31BCE423800D16073 /* GHExamples.h */; };
		5BAA18391BCF00F000D59664 /* GHExamples.m in Sources */ = {isa = PBXBuildFile; fileRef = 5B18C8C41BCE423800D16073 /* GHExamples.m */; };
		5BAA183A1BCF00F000D59664 /* GHFeature.h in Headers */ = {isa = PBXBuildFile; fileRef = 5B18C8C51BCE423800D16073 /* GHFeature.h */; };
		5BAA183B1BCF00F000D59664 /* GHFeature.m in Sources */ = {isa = PBXBuildFile; fileRef = 5B18C8C61BCE423800D16073 /* GHFeature.m */; };
		5BAA183C1BCF00F000D59664 /* GHHasDescriptionProtocol.h in Headers */ = {isa = PBXBuildFile; fileRef = 5B18C8C71BCE423800D16073 /* GHHasDescriptionProtocol.h */; };
		5BAA183D1BCF00F000D59664 /* GHHasLocationProtocol.h in Headers */ = {isa = PBXBuildFile; fileRef = 5B18C8C81BCE423800D16073 /* GHHasLocationProtocol.h */; };
		5BAA183E1BCF00F000D59664 /* GHHasRowsProtocol.h in Headers */ = {isa = PBXBuildFile; fileRef = 5B18C8C91BCE423800D16073 /* GHHasRowsProtocol.h */; };
		5BAA183F1BCF00F000D59664 /* GHHasStepsProtocol.h in Headers */ = {isa = PBXBuildFile; fileRef = 5B18C8CA1BCE423800D16073 /* GHHasStepsProtocol.h */; };
		5BAA18401BCF00F000D59664 /* GHHasTagsProtocol.h in Headers */ = {isa = PBXBuildFile; fileRef = 5B18C8CB1BCE423800D16073 /* GHHasTagsProtocol.h */; };
		5BAA18411BCF00F000D59664 /* GHLocation.h in Headers */ = {isa = PBXBuildFile; fileRef = 5B18C8CC1BCE423800D16073 /* GHLocation.h */; };
		5BAA18421BCF00F000D59664 /* GHLocation.m in Sources */ = {isa = PBXBuildFile; fileRef = 5B18C8CD1BCE423800D16073 /* GHLocation.m */; };
		5BAA18431BCF00F000D59664 /* GHNode.h in Headers */ = {isa = PBXBuildFile; fileRef = 5B18C8CE1BCE423800D16073 /* GHNode.h */; };
		5BAA18441BCF00F000D59664 /* GHNode.m in Sources */ = {isa = PBXBuildFile; fileRef = 5B18C8CF1BCE423800D16073 /* GHNode.m */; };
		5BAA18451BCF00F000D59664 /* GHScenario.h in Headers */ = {isa = PBXBuildFile; fileRef = 5B18C8D01BCE423800D16073 /* GHScenario.h */; };
		5BAA18461BCF00F000D59664 /* GHScenario.m in Sources */ = {isa = PBXBuildFile; fileRef = 5B18C8D11BCE423800D16073 /* GHScenario.m */; };
		5BAA18471BCF00F000D59664 /* GHScenarioDefinition_Private.h in Headers */ = {isa = PBXBuildFile; fileRef = 5B18C8D21BCE423800D16073 /* GHScenarioDefinition_Private.h */; };
		5BAA18481BCF00F000D59664 /* GHScenarioDefinition.h in Headers */ = {isa = PBXBuildFile; fileRef = 5B18C8D31BCE423800D16073 /* GHScenarioDefinition.h */; };
		5BAA18491BCF00F000D59664 /* GHScenarioDefinition.m in Sources */ = {isa = PBXBuildFile; fileRef = 5B18C8D41BCE423800D16073 /* GHScenarioDefinition.m */; };
		5BAA184A1BCF00F000D59664 /* GHScenarioOutline.h in Headers */ = {isa = PBXBuildFile; fileRef = 5B18C8D51BCE423800D16073 /* GHScenarioOutline.h */; };
		5BAA184B1BCF00F000D59664 /* GHScenarioOutline.m in Sources */ = {isa = PBXBuildFile; fileRef = 5B18C8D61BCE423800D16073 /* GHScenarioOutline.m */; };
		5BAA184C1BCF00F000D59664 /* GHStep.h in Headers */ = {isa = PBXBuildFile; fileRef = 5B18C8D71BCE423800D16073 /* GHStep.h */; };
		5BAA184D1BCF00F000D59664 /* GHStep.m in Sources */ = {isa = PBXBuildFile; fileRef = 5B18C8D81BCE423800D16073 /* GHStep.m */; };
		5BAA184E1BCF00F000D59664 /* GHStepArgument.h in Headers */ = {isa = PBXBuildFile; fileRef = 5B18C8D91BCE423800D16073 /* GHStepArgument.h */; };
		5BAA184F1BCF00F000D59664 /* GHStepArgument.m in Sources */ = {isa = PBXBuildFile; fileRef = 5B18C8DA1BCE423800D16073 /* GHStepArgument.m */; };
		5BAA18501BCF00F000D59664 /* GHTableCell.h in Headers */ = {isa = PBXBuildFile; fileRef = 5B18C8DB1BCE423800D16073 /* GHTableCell.h */; };
		5BAA18511BCF00F000D59664 /* GHTableCell.m in Sources */ = {isa = PBXBuildFile; fileRef = 5B18C8DC1BCE423800D16073 /* GHTableCell.m */; };
		5BAA18521BCF00F000D59664 /* GHTableRow.h in Headers */ = {isa = PBXBuildFile; fileRef = 5B18C8DD1BCE423800D16073 /* GHTableRow.h */; };
		5BAA18531BCF00F000D59664 /* GHTableRow.m in Sources */ = {isa = PBXBuildFile; fileRef = 5B18C8DE1BCE423800D16073 /* GHTableRow.m */; };
		5BAA18541BCF00F000D59664 /* GHTag.h in Headers */ = {isa = PBXBuildFile; fileRef = 5B18C8DF1BCE423800D16073 /* GHTag.h */; };
		5BAA18551BCF00F000D59664 /* GHTag.m in Sources */ = {isa = PBXBuildFile; fileRef = 5B18C8E01BCE423800D16073 /* GHTag.m */; };
		5BAA18581BCF019C00D59664 /* libGherkinOSX.a in Frameworks */ = {isa = PBXBuildFile; fileRef = 5BAA18081BCF00DA00D59664 /* libGherkinOSX.a */; };
		5BAA185C1BCF03DA00D59664 /* GHParser.h in Headers */ = {isa = PBXBuildFile; fileRef = 5BAA185B1BCF03DA00D59664 /* GHParser.h */; };
		5BAA185D1BCF061800D59664 /* GHParser+Extensions.m in Sources */ = {isa = PBXBuildFile; fileRef = 5B18C8841BCD34EB00D16073 /* GHParser+Extensions.m */; };
		5BAA185E1BCF06C800D59664 /* GHParser.m in Sources */ = {isa = PBXBuildFile; fileRef = 5B18C8F21BCE78C100D16073 /* GHParser.m */; };
		5BAA18911BCF923700D59664 /* NSObject+Dictionary.m in Sources */ = {isa = PBXBuildFile; fileRef = 5BAA18901BCF923700D59664 /* NSObject+Dictionary.m */; };
		5BAA18A01BCFF81C00D59664 /* libGherkinOSX.a in Frameworks */ = {isa = PBXBuildFile; fileRef = 5BAA18081BCF00DA00D59664 /* libGherkinOSX.a */; };
		5BAA18A61BCFF8BB00D59664 /* GHGherkinLineTest.m in Sources */ = {isa = PBXBuildFile; fileRef = 5B18C8B51BCDBF8A00D16073 /* GHGherkinLineTest.m */; };
		5BAA18A71BCFF8BB00D59664 /* GHGherkinTokenizationTest.m in Sources */ = {isa = PBXBuildFile; fileRef = 5BAA17DD1BCED40600D59664 /* GHGherkinTokenizationTest.m */; };
		5BAA18A81BCFFBB700D59664 /* GHLineEndingHelper.m in Sources */ = {isa = PBXBuildFile; fileRef = 5BAA17EF1BCEF81100D59664 /* GHLineEndingHelper.m */; };
		5BAA18A91BCFFBB800D59664 /* GHLineEndingHelper.m in Sources */ = {isa = PBXBuildFile; fileRef = 5BAA17EF1BCEF81100D59664 /* GHLineEndingHelper.m */; };
		DC83A4721CB7EC8400B0F0C7 /* GHGherkinDocument.h in Headers */ = {isa = PBXBuildFile; fileRef = DC83A4711CB7EC8400B0F0C7 /* GHGherkinDocument.h */; };
		DC83A4741CB7EE0A00B0F0C7 /* GHGherkinDocument.m in Sources */ = {isa = PBXBuildFile; fileRef = DC83A4731CB7EE0A00B0F0C7 /* GHGherkinDocument.m */; };
/* End PBXBuildFile section */

/* Begin PBXContainerItemProxy section */
		5B18C8B01BCDBF6300D16073 /* PBXContainerItemProxy */ = {
			isa = PBXContainerItemProxy;
			containerPortal = 5B18C8371BCD0BD400D16073 /* Project object */;
			proxyType = 1;
			remoteGlobalIDString = 5B18C83E1BCD0BD400D16073;
			remoteInfo = Gherkin;
		};
		5B99A5B11BD03CD000233759 /* PBXContainerItemProxy */ = {
			isa = PBXContainerItemProxy;
			containerPortal = 5B18C8371BCD0BD400D16073 /* Project object */;
			proxyType = 1;
			remoteGlobalIDString = 5BAA18071BCF00DA00D59664;
			remoteInfo = GherkinOSX;
		};
		5B99A5B31BD03CD000233759 /* PBXContainerItemProxy */ = {
			isa = PBXContainerItemProxy;
			containerPortal = 5B18C8371BCD0BD400D16073 /* Project object */;
			proxyType = 1;
			remoteGlobalIDString = 5BAA17F71BCEFEA500D59664;
			remoteInfo = GherkinLanguages;
		};
		5BAA18011BCEFEEA00D59664 /* PBXContainerItemProxy */ = {
			isa = PBXContainerItemProxy;
			containerPortal = 5B18C8371BCD0BD400D16073 /* Project object */;
			proxyType = 1;
			remoteGlobalIDString = 5BAA17F71BCEFEA500D59664;
			remoteInfo = GherkinLanguages;
		};
		5BAA18561BCF019400D59664 /* PBXContainerItemProxy */ = {
			isa = PBXContainerItemProxy;
			containerPortal = 5B18C8371BCD0BD400D16073 /* Project object */;
			proxyType = 1;
			remoteGlobalIDString = 5BAA18071BCF00DA00D59664;
			remoteInfo = GherkinOSX;
		};
		5BAA18A11BCFF81C00D59664 /* PBXContainerItemProxy */ = {
			isa = PBXContainerItemProxy;
			containerPortal = 5B18C8371BCD0BD400D16073 /* Project object */;
			proxyType = 1;
			remoteGlobalIDString = 5BAA18071BCF00DA00D59664;
			remoteInfo = GherkinOSX;
		};
/* End PBXContainerItemProxy section */

/* Begin PBXCopyFilesBuildPhase section */
		5B18C83D1BCD0BD400D16073 /* CopyFiles */ = {
			isa = PBXCopyFilesBuildPhase;
			buildActionMask = 2147483647;
			dstPath = "include/$(PRODUCT_NAME)";
			dstSubfolderSpec = 16;
			files = (
			);
			runOnlyForDeploymentPostprocessing = 0;
		};
		5B99A5BD1BD03CD000233759 /* CopyFiles */ = {
			isa = PBXCopyFilesBuildPhase;
			buildActionMask = 2147483647;
			dstPath = /usr/share/man/man1/;
			dstSubfolderSpec = 0;
			files = (
			);
			runOnlyForDeploymentPostprocessing = 1;
		};
		5BAA17E11BCEF4E900D59664 /* CopyFiles */ = {
			isa = PBXCopyFilesBuildPhase;
			buildActionMask = 2147483647;
			dstPath = /usr/share/man/man1/;
			dstSubfolderSpec = 0;
			files = (
			);
			runOnlyForDeploymentPostprocessing = 1;
		};
/* End PBXCopyFilesBuildPhase section */

/* Begin PBXFileReference section */
		5B0263FE1BD03E190040F71E /* GHTokensGenerator.h */ = {isa = PBXFileReference; fileEncoding = 4; lastKnownFileType = sourcecode.c.h; path = GHTokensGenerator.h; sourceTree = "<group>"; };
		5B0263FF1BD03E190040F71E /* GHTokensGenerator.m */ = {isa = PBXFileReference; fileEncoding = 4; lastKnownFileType = sourcecode.c.objc; path = GHTokensGenerator.m; sourceTree = "<group>"; };
		5B0264011BD03E510040F71E /* GHTokenFormatterBuilder.h */ = {isa = PBXFileReference; fileEncoding = 4; lastKnownFileType = sourcecode.c.h; path = GHTokenFormatterBuilder.h; sourceTree = "<group>"; };
		5B0264021BD03E510040F71E /* GHTokenFormatterBuilder.m */ = {isa = PBXFileReference; fileEncoding = 4; lastKnownFileType = sourcecode.c.objc; path = GHTokenFormatterBuilder.m; sourceTree = "<group>"; };
		5B0264041BD03FB00040F71E /* GHTestTokenFormatter.h */ = {isa = PBXFileReference; fileEncoding = 4; lastKnownFileType = sourcecode.c.h; path = GHTestTokenFormatter.h; sourceTree = "<group>"; };
		5B0264051BD03FB00040F71E /* GHTestTokenFormatter.m */ = {isa = PBXFileReference; fileEncoding = 4; lastKnownFileType = sourcecode.c.objc; path = GHTestTokenFormatter.m; sourceTree = "<group>"; };
		5B18C83F1BCD0BD400D16073 /* libGherkiniOS.a */ = {isa = PBXFileReference; explicitFileType = archive.ar; includeInIndex = 0; path = libGherkiniOS.a; sourceTree = BUILT_PRODUCTS_DIR; };
		5B18C87C1BCD34EB00D16073 /* GHAstBuilder.m */ = {isa = PBXFileReference; fileEncoding = 4; lastKnownFileType = sourcecode.c.objc; path = GHAstBuilder.m; sourceTree = "<group>"; xcLanguageSpecificationIdentifier = xcode.lang.objc; };
		5B18C87E1BCD34EB00D16073 /* GHGherkinDialect.h */ = {isa = PBXFileReference; fileEncoding = 4; lastKnownFileType = sourcecode.c.h; path = GHGherkinDialect.h; sourceTree = "<group>"; xcLanguageSpecificationIdentifier = xcode.lang.objc; };
		5B18C87F1BCD34EB00D16073 /* GHGherkinDialectProvider.m */ = {isa = PBXFileReference; fileEncoding = 4; lastKnownFileType = sourcecode.c.objc; path = GHGherkinDialectProvider.m; sourceTree = "<group>"; xcLanguageSpecificationIdentifier = xcode.lang.objc; };
		5B18C8801BCD34EB00D16073 /* GHGherkinLanguageConstants.m */ = {isa = PBXFileReference; fileEncoding = 4; lastKnownFileType = sourcecode.c.objc; path = GHGherkinLanguageConstants.m; sourceTree = "<group>"; xcLanguageSpecificationIdentifier = xcode.lang.objc; };
		5B18C8811BCD34EB00D16073 /* GHGherkinLine.m */ = {isa = PBXFileReference; fileEncoding = 4; lastKnownFileType = sourcecode.c.objc; path = GHGherkinLine.m; sourceTree = "<group>"; };
		5B18C8821BCD34EB00D16073 /* GHGherkinLineSpan.h */ = {isa = PBXFileReference; fileEncoding = 4; lastKnownFileType = sourcecode.c.h; path = GHGherkinLineSpan.h; sourceTree = "<group>"; xcLanguageSpecificationIdentifier = xcode.lang.objc; };
		5B18C8831BCD34EB00D16073 /* GHGherkinLineProtocol.h */ = {isa = PBXFileReference; fileEncoding = 4; lastKnownFileType = sourcecode.c.h; path = GHGherkinLineProtocol.h; sourceTree = "<group>"; xcLanguageSpecificationIdentifier = xcode.lang.objc; };
		5B18C8841BCD34EB00D16073 /* GHParser+Extensions.m */ = {isa = PBXFileReference; fileEncoding = 4; lastKnownFileType = sourcecode.c.objc; path = "GHParser+Extensions.m"; sourceTree = "<group>"; xcLanguageSpecificationIdentifier = xcode.lang.objc; };
		5B18C8851BCD34EB00D16073 /* GHParserException.m */ = {isa = PBXFileReference; fileEncoding = 4; lastKnownFileType = sourcecode.c.objc; path = GHParserException.m; sourceTree = "<group>"; xcLanguageSpecificationIdentifier = xcode.lang.objc; };
		5B18C8861BCD34EB00D16073 /* GHToken.m */ = {isa = PBXFileReference; fileEncoding = 4; lastKnownFileType = sourcecode.c.objc; path = GHToken.m; sourceTree = "<group>"; xcLanguageSpecificationIdentifier = xcode.lang.objc; };
		5B18C8871BCD34EB00D16073 /* GHTokenMatcher.m */ = {isa = PBXFileReference; fileEncoding = 4; lastKnownFileType = sourcecode.c.objc; path = GHTokenMatcher.m; sourceTree = "<group>"; xcLanguageSpecificationIdentifier = xcode.lang.objc; };
		5B18C8881BCD34EB00D16073 /* GHTokenScanner.h */ = {isa = PBXFileReference; fileEncoding = 4; lastKnownFileType = sourcecode.c.h; path = GHTokenScanner.h; sourceTree = "<group>"; xcLanguageSpecificationIdentifier = xcode.lang.objc; };
		5B18C8891BCD35B900D16073 /* GHTokenScanner.m */ = {isa = PBXFileReference; fileEncoding = 4; lastKnownFileType = sourcecode.c.objc; path = GHTokenScanner.m; sourceTree = "<group>"; };
		5B18C88B1BCD390600D16073 /* GHToken.h */ = {isa = PBXFileReference; lastKnownFileType = sourcecode.c.h; path = GHToken.h; sourceTree = "<group>"; };
		5B18C88D1BCD3D6300D16073 /* GHGherkinLineSpan.m */ = {isa = PBXFileReference; fileEncoding = 4; lastKnownFileType = sourcecode.c.objc; path = GHGherkinLineSpan.m; sourceTree = "<group>"; };
		5B18C88F1BCD3EA200D16073 /* GHGherkinDialect.m */ = {isa = PBXFileReference; fileEncoding = 4; lastKnownFileType = sourcecode.c.objc; path = GHGherkinDialect.m; sourceTree = "<group>"; };
		5B18C8911BCD412D00D16073 /* GHGherkinLanguageConstants.h */ = {isa = PBXFileReference; lastKnownFileType = sourcecode.c.h; path = GHGherkinLanguageConstants.h; sourceTree = "<group>"; };
		5B18C8921BCD479E00D16073 /* GHTokenMatcher.h */ = {isa = PBXFileReference; fileEncoding = 4; lastKnownFileType = sourcecode.c.h; path = GHTokenMatcher.h; sourceTree = "<group>"; };
		5B18C8931BCD47AF00D16073 /* GHGherkinLine.h */ = {isa = PBXFileReference; fileEncoding = 4; lastKnownFileType = sourcecode.c.h; path = GHGherkinLine.h; sourceTree = "<group>"; };
		5B18C8991BCD5CFB00D16073 /* GHGherkinDialectProvider.h */ = {isa = PBXFileReference; fileEncoding = 4; lastKnownFileType = sourcecode.c.h; path = GHGherkinDialectProvider.h; sourceTree = "<group>"; };
		5B18C89A1BCD747D00D16073 /* NSString+Trim.h */ = {isa = PBXFileReference; fileEncoding = 4; lastKnownFileType = sourcecode.c.h; path = "NSString+Trim.h"; sourceTree = "<group>"; };
		5B18C89B1BCD747D00D16073 /* NSString+Trim.m */ = {isa = PBXFileReference; fileEncoding = 4; lastKnownFileType = sourcecode.c.objc; path = "NSString+Trim.m"; sourceTree = "<group>"; };
		5B18C89D1BCD797800D16073 /* GHGherkinLanguageSetting.h */ = {isa = PBXFileReference; fileEncoding = 4; lastKnownFileType = sourcecode.c.h; path = GHGherkinLanguageSetting.h; sourceTree = "<group>"; };
		5B18C89E1BCD797800D16073 /* GHGherkinLanguageSetting.m */ = {isa = PBXFileReference; fileEncoding = 4; lastKnownFileType = sourcecode.c.objc; path = GHGherkinLanguageSetting.m; sourceTree = "<group>"; };
		5B18C8A11BCD838800D16073 /* GHGherkinDialectProviderProtocol.h */ = {isa = PBXFileReference; fileEncoding = 4; lastKnownFileType = sourcecode.c.h; path = GHGherkinDialectProviderProtocol.h; sourceTree = "<group>"; };
		5B18C8A21BCD86F100D16073 /* GHAstBuilder.h */ = {isa = PBXFileReference; fileEncoding = 4; lastKnownFileType = sourcecode.c.h; path = GHAstBuilder.h; sourceTree = "<group>"; };
		5B18C8A31BCDA46C00D16073 /* GHAstNode.h */ = {isa = PBXFileReference; fileEncoding = 4; lastKnownFileType = sourcecode.c.h; path = GHAstNode.h; sourceTree = "<group>"; };
		5B18C8A41BCDA46C00D16073 /* GHAstNode.m */ = {isa = PBXFileReference; fileEncoding = 4; lastKnownFileType = sourcecode.c.objc; path = GHAstNode.m; sourceTree = "<group>"; };
		5B18C8AA1BCDBF6200D16073 /* GherkinTestsiOS.xctest */ = {isa = PBXFileReference; explicitFileType = wrapper.cfbundle; includeInIndex = 0; path = GherkinTestsiOS.xctest; sourceTree = BUILT_PRODUCTS_DIR; };
		5B18C8AE1BCDBF6300D16073 /* Info.plist */ = {isa = PBXFileReference; lastKnownFileType = text.plist.xml; path = Info.plist; sourceTree = "<group>"; };
		5B18C8B51BCDBF8A00D16073 /* GHGherkinLineTest.m */ = {isa = PBXFileReference; fileEncoding = 4; lastKnownFileType = sourcecode.c.objc; path = GHGherkinLineTest.m; sourceTree = "<group>"; };
		5B18C8BA1BCE423800D16073 /* GHBackground.h */ = {isa = PBXFileReference; fileEncoding = 4; lastKnownFileType = sourcecode.c.h; path = GHBackground.h; sourceTree = "<group>"; };
		5B18C8BB1BCE423800D16073 /* GHBackground.m */ = {isa = PBXFileReference; fileEncoding = 4; lastKnownFileType = sourcecode.c.objc; path = GHBackground.m; sourceTree = "<group>"; };
		5B18C8BC1BCE423800D16073 /* GHComment.h */ = {isa = PBXFileReference; fileEncoding = 4; lastKnownFileType = sourcecode.c.h; path = GHComment.h; sourceTree = "<group>"; };
		5B18C8BD1BCE423800D16073 /* GHComment.m */ = {isa = PBXFileReference; fileEncoding = 4; lastKnownFileType = sourcecode.c.objc; path = GHComment.m; sourceTree = "<group>"; };
		5B18C8BE1BCE423800D16073 /* GHDataTable.h */ = {isa = PBXFileReference; fileEncoding = 4; lastKnownFileType = sourcecode.c.h; path = GHDataTable.h; sourceTree = "<group>"; };
		5B18C8BF1BCE423800D16073 /* GHDataTable.m */ = {isa = PBXFileReference; fileEncoding = 4; lastKnownFileType = sourcecode.c.objc; path = GHDataTable.m; sourceTree = "<group>"; };
		5B18C8C01BCE423800D16073 /* GHDocString.h */ = {isa = PBXFileReference; fileEncoding = 4; lastKnownFileType = sourcecode.c.h; path = GHDocString.h; sourceTree = "<group>"; };
		5B18C8C11BCE423800D16073 /* GHDocString.m */ = {isa = PBXFileReference; fileEncoding = 4; lastKnownFileType = sourcecode.c.objc; path = GHDocString.m; sourceTree = "<group>"; };
		5B18C8C31BCE423800D16073 /* GHExamples.h */ = {isa = PBXFileReference; fileEncoding = 4; lastKnownFileType = sourcecode.c.h; path = GHExamples.h; sourceTree = "<group>"; };
		5B18C8C41BCE423800D16073 /* GHExamples.m */ = {isa = PBXFileReference; fileEncoding = 4; lastKnownFileType = sourcecode.c.objc; path = GHExamples.m; sourceTree = "<group>"; };
		5B18C8C51BCE423800D16073 /* GHFeature.h */ = {isa = PBXFileReference; fileEncoding = 4; lastKnownFileType = sourcecode.c.h; path = GHFeature.h; sourceTree = "<group>"; };
		5B18C8C61BCE423800D16073 /* GHFeature.m */ = {isa = PBXFileReference; fileEncoding = 4; lastKnownFileType = sourcecode.c.objc; path = GHFeature.m; sourceTree = "<group>"; };
		5B18C8C71BCE423800D16073 /* GHHasDescriptionProtocol.h */ = {isa = PBXFileReference; fileEncoding = 4; lastKnownFileType = sourcecode.c.h; path = GHHasDescriptionProtocol.h; sourceTree = "<group>"; };
		5B18C8C81BCE423800D16073 /* GHHasLocationProtocol.h */ = {isa = PBXFileReference; fileEncoding = 4; lastKnownFileType = sourcecode.c.h; path = GHHasLocationProtocol.h; sourceTree = "<group>"; };
		5B18C8C91BCE423800D16073 /* GHHasRowsProtocol.h */ = {isa = PBXFileReference; fileEncoding = 4; lastKnownFileType = sourcecode.c.h; path = GHHasRowsProtocol.h; sourceTree = "<group>"; };
		5B18C8CA1BCE423800D16073 /* GHHasStepsProtocol.h */ = {isa = PBXFileReference; fileEncoding = 4; lastKnownFileType = sourcecode.c.h; path = GHHasStepsProtocol.h; sourceTree = "<group>"; };
		5B18C8CB1BCE423800D16073 /* GHHasTagsProtocol.h */ = {isa = PBXFileReference; fileEncoding = 4; lastKnownFileType = sourcecode.c.h; path = GHHasTagsProtocol.h; sourceTree = "<group>"; };
		5B18C8CC1BCE423800D16073 /* GHLocation.h */ = {isa = PBXFileReference; fileEncoding = 4; lastKnownFileType = sourcecode.c.h; path = GHLocation.h; sourceTree = "<group>"; };
		5B18C8CD1BCE423800D16073 /* GHLocation.m */ = {isa = PBXFileReference; fileEncoding = 4; lastKnownFileType = sourcecode.c.objc; path = GHLocation.m; sourceTree = "<group>"; };
		5B18C8CE1BCE423800D16073 /* GHNode.h */ = {isa = PBXFileReference; fileEncoding = 4; lastKnownFileType = sourcecode.c.h; path = GHNode.h; sourceTree = "<group>"; };
		5B18C8CF1BCE423800D16073 /* GHNode.m */ = {isa = PBXFileReference; fileEncoding = 4; lastKnownFileType = sourcecode.c.objc; path = GHNode.m; sourceTree = "<group>"; };
		5B18C8D01BCE423800D16073 /* GHScenario.h */ = {isa = PBXFileReference; fileEncoding = 4; lastKnownFileType = sourcecode.c.h; path = GHScenario.h; sourceTree = "<group>"; };
		5B18C8D11BCE423800D16073 /* GHScenario.m */ = {isa = PBXFileReference; fileEncoding = 4; lastKnownFileType = sourcecode.c.objc; path = GHScenario.m; sourceTree = "<group>"; };
		5B18C8D21BCE423800D16073 /* GHScenarioDefinition_Private.h */ = {isa = PBXFileReference; fileEncoding = 4; lastKnownFileType = sourcecode.c.h; path = GHScenarioDefinition_Private.h; sourceTree = "<group>"; };
		5B18C8D31BCE423800D16073 /* GHScenarioDefinition.h */ = {isa = PBXFileReference; fileEncoding = 4; lastKnownFileType = sourcecode.c.h; path = GHScenarioDefinition.h; sourceTree = "<group>"; };
		5B18C8D41BCE423800D16073 /* GHScenarioDefinition.m */ = {isa = PBXFileReference; fileEncoding = 4; lastKnownFileType = sourcecode.c.objc; path = GHScenarioDefinition.m; sourceTree = "<group>"; };
		5B18C8D51BCE423800D16073 /* GHScenarioOutline.h */ = {isa = PBXFileReference; fileEncoding = 4; lastKnownFileType = sourcecode.c.h; path = GHScenarioOutline.h; sourceTree = "<group>"; };
		5B18C8D61BCE423800D16073 /* GHScenarioOutline.m */ = {isa = PBXFileReference; fileEncoding = 4; lastKnownFileType = sourcecode.c.objc; path = GHScenarioOutline.m; sourceTree = "<group>"; };
		5B18C8D71BCE423800D16073 /* GHStep.h */ = {isa = PBXFileReference; fileEncoding = 4; lastKnownFileType = sourcecode.c.h; path = GHStep.h; sourceTree = "<group>"; };
		5B18C8D81BCE423800D16073 /* GHStep.m */ = {isa = PBXFileReference; fileEncoding = 4; lastKnownFileType = sourcecode.c.objc; path = GHStep.m; sourceTree = "<group>"; };
		5B18C8D91BCE423800D16073 /* GHStepArgument.h */ = {isa = PBXFileReference; fileEncoding = 4; lastKnownFileType = sourcecode.c.h; path = GHStepArgument.h; sourceTree = "<group>"; };
		5B18C8DA1BCE423800D16073 /* GHStepArgument.m */ = {isa = PBXFileReference; fileEncoding = 4; lastKnownFileType = sourcecode.c.objc; path = GHStepArgument.m; sourceTree = "<group>"; };
		5B18C8DB1BCE423800D16073 /* GHTableCell.h */ = {isa = PBXFileReference; fileEncoding = 4; lastKnownFileType = sourcecode.c.h; path = GHTableCell.h; sourceTree = "<group>"; };
		5B18C8DC1BCE423800D16073 /* GHTableCell.m */ = {isa = PBXFileReference; fileEncoding = 4; lastKnownFileType = sourcecode.c.objc; path = GHTableCell.m; sourceTree = "<group>"; };
		5B18C8DD1BCE423800D16073 /* GHTableRow.h */ = {isa = PBXFileReference; fileEncoding = 4; lastKnownFileType = sourcecode.c.h; path = GHTableRow.h; sourceTree = "<group>"; };
		5B18C8DE1BCE423800D16073 /* GHTableRow.m */ = {isa = PBXFileReference; fileEncoding = 4; lastKnownFileType = sourcecode.c.objc; path = GHTableRow.m; sourceTree = "<group>"; };
		5B18C8DF1BCE423800D16073 /* GHTag.h */ = {isa = PBXFileReference; fileEncoding = 4; lastKnownFileType = sourcecode.c.h; path = GHTag.h; sourceTree = "<group>"; };
		5B18C8E01BCE423800D16073 /* GHTag.m */ = {isa = PBXFileReference; fileEncoding = 4; lastKnownFileType = sourcecode.c.objc; path = GHTag.m; sourceTree = "<group>"; };
		5B18C8F11BCE42E900D16073 /* Gherkin.pch */ = {isa = PBXFileReference; lastKnownFileType = sourcecode.c.h; path = Gherkin.pch; sourceTree = "<group>"; };
		5B18C8F21BCE78C100D16073 /* GHParser.m */ = {isa = PBXFileReference; fileEncoding = 4; lastKnownFileType = sourcecode.c.objc; path = GHParser.m; sourceTree = "<group>"; };
		5B18C8F41BCE944E00D16073 /* GHParserException.h */ = {isa = PBXFileReference; fileEncoding = 4; lastKnownFileType = sourcecode.c.h; path = GHParserException.h; sourceTree = "<group>"; };
		5B18C8F61BCEACEE00D16073 /* GHParser+Extensions.h */ = {isa = PBXFileReference; fileEncoding = 4; lastKnownFileType = sourcecode.c.h; path = "GHParser+Extensions.h"; sourceTree = "<group>"; };
		5B99A5C11BD03CD000233759 /* TokensGenerator */ = {isa = PBXFileReference; explicitFileType = "compiled.mach-o.executable"; includeInIndex = 0; path = TokensGenerator; sourceTree = BUILT_PRODUCTS_DIR; };
		5B99A5C51BD03D6500233759 /* main.m */ = {isa = PBXFileReference; fileEncoding = 4; lastKnownFileType = sourcecode.c.objc; path = main.m; sourceTree = "<group>"; };
		5BAA17DD1BCED40600D59664 /* GHGherkinTokenizationTest.m */ = {isa = PBXFileReference; fileEncoding = 4; lastKnownFileType = sourcecode.c.objc; path = GHGherkinTokenizationTest.m; sourceTree = "<group>"; };
		5BAA17E31BCEF4E900D59664 /* AstGenerator */ = {isa = PBXFileReference; explicitFileType = "compiled.mach-o.executable"; includeInIndex = 0; path = AstGenerator; sourceTree = BUILT_PRODUCTS_DIR; };
		5BAA17E51BCEF4EA00D59664 /* main.m */ = {isa = PBXFileReference; lastKnownFileType = sourcecode.c.objc; path = main.m; sourceTree = "<group>"; };
		5BAA17EA1BCEF60600D59664 /* GHAstGenerator.h */ = {isa = PBXFileReference; fileEncoding = 4; lastKnownFileType = sourcecode.c.h; path = GHAstGenerator.h; sourceTree = "<group>"; };
		5BAA17EB1BCEF60600D59664 /* GHAstGenerator.m */ = {isa = PBXFileReference; fileEncoding = 4; lastKnownFileType = sourcecode.c.objc; path = GHAstGenerator.m; sourceTree = "<group>"; };
		5BAA17EE1BCEF81100D59664 /* GHLineEndingHelper.h */ = {isa = PBXFileReference; fileEncoding = 4; lastKnownFileType = sourcecode.c.h; name = GHLineEndingHelper.h; path = AstGenerator/GHLineEndingHelper.h; sourceTree = "<group>"; };
		5BAA17EF1BCEF81100D59664 /* GHLineEndingHelper.m */ = {isa = PBXFileReference; fileEncoding = 4; lastKnownFileType = sourcecode.c.objc; name = GHLineEndingHelper.m; path = AstGenerator/GHLineEndingHelper.m; sourceTree = "<group>"; };
		5BAA17F81BCEFEA500D59664 /* GherkinLanguages.bundle */ = {isa = PBXFileReference; explicitFileType = wrapper.cfbundle; includeInIndex = 0; path = GherkinLanguages.bundle; sourceTree = BUILT_PRODUCTS_DIR; };
		5BAA17FA1BCEFEA500D59664 /* Info.plist */ = {isa = PBXFileReference; lastKnownFileType = text.plist.xml; path = Info.plist; sourceTree = "<group>"; };
		5BAA17FE1BCEFEC200D59664 /* gherkin-languages.json */ = {isa = PBXFileReference; fileEncoding = 4; lastKnownFileType = text.json; path = "gherkin-languages.json"; sourceTree = "<group>"; };
		5BAA18081BCF00DA00D59664 /* libGherkinOSX.a */ = {isa = PBXFileReference; explicitFileType = archive.ar; includeInIndex = 0; path = libGherkinOSX.a; sourceTree = BUILT_PRODUCTS_DIR; };
		5BAA185B1BCF03DA00D59664 /* GHParser.h */ = {isa = PBXFileReference; fileEncoding = 4; lastKnownFileType = sourcecode.c.h; path = GHParser.h; sourceTree = "<group>"; };
		5BAA188F1BCF923700D59664 /* NSObject+Dictionary.h */ = {isa = PBXFileReference; fileEncoding = 4; lastKnownFileType = sourcecode.c.h; path = "NSObject+Dictionary.h"; sourceTree = "<group>"; };
		5BAA18901BCF923700D59664 /* NSObject+Dictionary.m */ = {isa = PBXFileReference; fileEncoding = 4; lastKnownFileType = sourcecode.c.objc; path = "NSObject+Dictionary.m"; sourceTree = "<group>"; };
		5BAA189B1BCFF81C00D59664 /* GherkinTestsOSX.xctest */ = {isa = PBXFileReference; explicitFileType = wrapper.cfbundle; includeInIndex = 0; path = GherkinTestsOSX.xctest; sourceTree = BUILT_PRODUCTS_DIR; };
		DC83A4711CB7EC8400B0F0C7 /* GHGherkinDocument.h */ = {isa = PBXFileReference; fileEncoding = 4; lastKnownFileType = sourcecode.c.h; path = GHGherkinDocument.h; sourceTree = "<group>"; };
		DC83A4731CB7EE0A00B0F0C7 /* GHGherkinDocument.m */ = {isa = PBXFileReference; fileEncoding = 4; lastKnownFileType = sourcecode.c.objc; path = GHGherkinDocument.m; sourceTree = "<group>"; };
/* End PBXFileReference section */

/* Begin PBXFrameworksBuildPhase section */
		5B18C83C1BCD0BD400D16073 /* Frameworks */ = {
			isa = PBXFrameworksBuildPhase;
			buildActionMask = 2147483647;
			files = (
			);
			runOnlyForDeploymentPostprocessing = 0;
		};
		5B18C8A71BCDBF6200D16073 /* Frameworks */ = {
			isa = PBXFrameworksBuildPhase;
			buildActionMask = 2147483647;
			files = (
				5B18C8AF1BCDBF6300D16073 /* libGherkiniOS.a in Frameworks */,
			);
			runOnlyForDeploymentPostprocessing = 0;
		};
		5B99A5B91BD03CD000233759 /* Frameworks */ = {
			isa = PBXFrameworksBuildPhase;
			buildActionMask = 2147483647;
			files = (
				5B99A5BA1BD03CD000233759 /* libGherkinOSX.a in Frameworks */,
			);
			runOnlyForDeploymentPostprocessing = 0;
		};
		5BAA17E01BCEF4E900D59664 /* Frameworks */ = {
			isa = PBXFrameworksBuildPhase;
			buildActionMask = 2147483647;
			files = (
				5BAA18581BCF019C00D59664 /* libGherkinOSX.a in Frameworks */,
			);
			runOnlyForDeploymentPostprocessing = 0;
		};
		5BAA17F51BCEFEA500D59664 /* Frameworks */ = {
			isa = PBXFrameworksBuildPhase;
			buildActionMask = 2147483647;
			files = (
			);
			runOnlyForDeploymentPostprocessing = 0;
		};
		5BAA18051BCF00DA00D59664 /* Frameworks */ = {
			isa = PBXFrameworksBuildPhase;
			buildActionMask = 2147483647;
			files = (
			);
			runOnlyForDeploymentPostprocessing = 0;
		};
		5BAA18981BCFF81C00D59664 /* Frameworks */ = {
			isa = PBXFrameworksBuildPhase;
			buildActionMask = 2147483647;
			files = (
				5BAA18A01BCFF81C00D59664 /* libGherkinOSX.a in Frameworks */,
			);
			runOnlyForDeploymentPostprocessing = 0;
		};
/* End PBXFrameworksBuildPhase section */

/* Begin PBXGroup section */
		5B18C8361BCD0BD400D16073 = {
			isa = PBXGroup;
			children = (
				5B18C8411BCD0BD400D16073 /* Gherkin */,
				5B18C8AB1BCDBF6300D16073 /* GherkinTests */,
				5BAA17E41BCEF4EA00D59664 /* AstGenerator */,
				5B99A5C21BD03CEF00233759 /* TokensGenerator */,
				5BAA17F91BCEFEA500D59664 /* GherkinLanguages */,
				5BAA17EE1BCEF81100D59664 /* GHLineEndingHelper.h */,
				5BAA17EF1BCEF81100D59664 /* GHLineEndingHelper.m */,
				5B18C8401BCD0BD400D16073 /* Products */,
			);
			sourceTree = "<group>";
		};
		5B18C8401BCD0BD400D16073 /* Products */ = {
			isa = PBXGroup;
			children = (
				5B18C83F1BCD0BD400D16073 /* libGherkiniOS.a */,
				5B18C8AA1BCDBF6200D16073 /* GherkinTestsiOS.xctest */,
				5BAA17E31BCEF4E900D59664 /* AstGenerator */,
				5BAA17F81BCEFEA500D59664 /* GherkinLanguages.bundle */,
				5BAA18081BCF00DA00D59664 /* libGherkinOSX.a */,
				5BAA189B1BCFF81C00D59664 /* GherkinTestsOSX.xctest */,
				5B99A5C11BD03CD000233759 /* TokensGenerator */,
			);
			name = Products;
			sourceTree = "<group>";
		};
		5B18C8411BCD0BD400D16073 /* Gherkin */ = {
			isa = PBXGroup;
			children = (
				5B18C8F11BCE42E900D16073 /* Gherkin.pch */,
				5B18C8B91BCE421D00D16073 /* AST */,
				5B18C8A21BCD86F100D16073 /* GHAstBuilder.h */,
				5B18C87C1BCD34EB00D16073 /* GHAstBuilder.m */,
				5B18C8A31BCDA46C00D16073 /* GHAstNode.h */,
				5B18C8A41BCDA46C00D16073 /* GHAstNode.m */,
				5B18C89A1BCD747D00D16073 /* NSString+Trim.h */,
				5B18C89B1BCD747D00D16073 /* NSString+Trim.m */,
				5B18C89D1BCD797800D16073 /* GHGherkinLanguageSetting.h */,
				5B18C89E1BCD797800D16073 /* GHGherkinLanguageSetting.m */,
				5B18C87E1BCD34EB00D16073 /* GHGherkinDialect.h */,
				5B18C88F1BCD3EA200D16073 /* GHGherkinDialect.m */,
				5B18C8A11BCD838800D16073 /* GHGherkinDialectProviderProtocol.h */,
				5B18C8991BCD5CFB00D16073 /* GHGherkinDialectProvider.h */,
				5B18C87F1BCD34EB00D16073 /* GHGherkinDialectProvider.m */,
				5B18C8911BCD412D00D16073 /* GHGherkinLanguageConstants.h */,
				5B18C8801BCD34EB00D16073 /* GHGherkinLanguageConstants.m */,
				5B18C8931BCD47AF00D16073 /* GHGherkinLine.h */,
				5B18C8811BCD34EB00D16073 /* GHGherkinLine.m */,
				5B18C8821BCD34EB00D16073 /* GHGherkinLineSpan.h */,
				5B18C88D1BCD3D6300D16073 /* GHGherkinLineSpan.m */,
				5B18C8831BCD34EB00D16073 /* GHGherkinLineProtocol.h */,
				5B18C8F61BCEACEE00D16073 /* GHParser+Extensions.h */,
				5B18C8841BCD34EB00D16073 /* GHParser+Extensions.m */,
				5B18C8F41BCE944E00D16073 /* GHParserException.h */,
				5B18C8851BCD34EB00D16073 /* GHParserException.m */,
				5B18C88B1BCD390600D16073 /* GHToken.h */,
				5B18C8861BCD34EB00D16073 /* GHToken.m */,
				5B18C8921BCD479E00D16073 /* GHTokenMatcher.h */,
				5B18C8871BCD34EB00D16073 /* GHTokenMatcher.m */,
				5B18C8881BCD34EB00D16073 /* GHTokenScanner.h */,
				5B18C8891BCD35B900D16073 /* GHTokenScanner.m */,
				5BAA185B1BCF03DA00D59664 /* GHParser.h */,
				5B18C8F21BCE78C100D16073 /* GHParser.m */,
			);
			path = Gherkin;
			sourceTree = "<group>";
		};
		5B18C8AB1BCDBF6300D16073 /* GherkinTests */ = {
			isa = PBXGroup;
			children = (
				5B18C8AE1BCDBF6300D16073 /* Info.plist */,
				5B18C8B51BCDBF8A00D16073 /* GHGherkinLineTest.m */,
				5BAA17DD1BCED40600D59664 /* GHGherkinTokenizationTest.m */,
			);
			path = GherkinTests;
			sourceTree = "<group>";
		};
		5B18C8B91BCE421D00D16073 /* AST */ = {
			isa = PBXGroup;
			children = (
				5B18C8BA1BCE423800D16073 /* GHBackground.h */,
				5B18C8BB1BCE423800D16073 /* GHBackground.m */,
				5B18C8BC1BCE423800D16073 /* GHComment.h */,
				5B18C8BD1BCE423800D16073 /* GHComment.m */,
				5B18C8BE1BCE423800D16073 /* GHDataTable.h */,
				5B18C8BF1BCE423800D16073 /* GHDataTable.m */,
				5B18C8C01BCE423800D16073 /* GHDocString.h */,
				5B18C8C11BCE423800D16073 /* GHDocString.m */,
				5B18C8C31BCE423800D16073 /* GHExamples.h */,
				5B18C8C41BCE423800D16073 /* GHExamples.m */,
				5B18C8C51BCE423800D16073 /* GHFeature.h */,
				5B18C8C61BCE423800D16073 /* GHFeature.m */,
				5B18C8C71BCE423800D16073 /* GHHasDescriptionProtocol.h */,
				5B18C8C81BCE423800D16073 /* GHHasLocationProtocol.h */,
				5B18C8C91BCE423800D16073 /* GHHasRowsProtocol.h */,
				5B18C8CA1BCE423800D16073 /* GHHasStepsProtocol.h */,
				5B18C8CB1BCE423800D16073 /* GHHasTagsProtocol.h */,
				5B18C8CC1BCE423800D16073 /* GHLocation.h */,
				5B18C8CD1BCE423800D16073 /* GHLocation.m */,
				5B18C8CE1BCE423800D16073 /* GHNode.h */,
				5B18C8CF1BCE423800D16073 /* GHNode.m */,
				5B18C8D01BCE423800D16073 /* GHScenario.h */,
				5B18C8D11BCE423800D16073 /* GHScenario.m */,
				5B18C8D21BCE423800D16073 /* GHScenarioDefinition_Private.h */,
				5B18C8D31BCE423800D16073 /* GHScenarioDefinition.h */,
				5B18C8D41BCE423800D16073 /* GHScenarioDefinition.m */,
				5B18C8D51BCE423800D16073 /* GHScenarioOutline.h */,
				5B18C8D61BCE423800D16073 /* GHScenarioOutline.m */,
				5B18C8D71BCE423800D16073 /* GHStep.h */,
				5B18C8D81BCE423800D16073 /* GHStep.m */,
				5B18C8D91BCE423800D16073 /* GHStepArgument.h */,
				5B18C8DA1BCE423800D16073 /* GHStepArgument.m */,
				5B18C8DB1BCE423800D16073 /* GHTableCell.h */,
				5B18C8DC1BCE423800D16073 /* GHTableCell.m */,
				5B18C8DD1BCE423800D16073 /* GHTableRow.h */,
				5B18C8DE1BCE423800D16073 /* GHTableRow.m */,
				5B18C8DF1BCE423800D16073 /* GHTag.h */,
				5B18C8E01BCE423800D16073 /* GHTag.m */,
				DC83A4711CB7EC8400B0F0C7 /* GHGherkinDocument.h */,
				DC83A4731CB7EE0A00B0F0C7 /* GHGherkinDocument.m */,
			);
			name = AST;
			sourceTree = "<group>";
		};
		5B99A5C21BD03CEF00233759 /* TokensGenerator */ = {
			isa = PBXGroup;
			children = (
				5B99A5C51BD03D6500233759 /* main.m */,
				5B0263FE1BD03E190040F71E /* GHTokensGenerator.h */,
				5B0263FF1BD03E190040F71E /* GHTokensGenerator.m */,
				5B0264011BD03E510040F71E /* GHTokenFormatterBuilder.h */,
				5B0264021BD03E510040F71E /* GHTokenFormatterBuilder.m */,
				5B0264041BD03FB00040F71E /* GHTestTokenFormatter.h */,
				5B0264051BD03FB00040F71E /* GHTestTokenFormatter.m */,
			);
			path = TokensGenerator;
			sourceTree = "<group>";
		};
		5BAA17E41BCEF4EA00D59664 /* AstGenerator */ = {
			isa = PBXGroup;
			children = (
				5BAA17E51BCEF4EA00D59664 /* main.m */,
				5BAA17EA1BCEF60600D59664 /* GHAstGenerator.h */,
				5BAA17EB1BCEF60600D59664 /* GHAstGenerator.m */,
				5BAA188F1BCF923700D59664 /* NSObject+Dictionary.h */,
				5BAA18901BCF923700D59664 /* NSObject+Dictionary.m */,
			);
			path = AstGenerator;
			sourceTree = "<group>";
		};
		5BAA17F91BCEFEA500D59664 /* GherkinLanguages */ = {
			isa = PBXGroup;
			children = (
				5BAA17FE1BCEFEC200D59664 /* gherkin-languages.json */,
				5BAA17FA1BCEFEA500D59664 /* Info.plist */,
			);
			path = GherkinLanguages;
			sourceTree = "<group>";
		};
/* End PBXGroup section */

/* Begin PBXHeadersBuildPhase section */
		5BAA18061BCF00DA00D59664 /* Headers */ = {
			isa = PBXHeadersBuildPhase;
			buildActionMask = 2147483647;
			files = (
				5BAA18341BCF00F000D59664 /* GHDataTable.h in Headers */,
				5BAA18521BCF00F000D59664 /* GHTableRow.h in Headers */,
				5BAA181C1BCF00E600D59664 /* GHGherkinDialectProvider.h in Headers */,
				5BAA18151BCF00E600D59664 /* NSString+Trim.h in Headers */,
				5BAA184C1BCF00F000D59664 /* GHStep.h in Headers */,
				5BAA184E1BCF00F000D59664 /* GHStepArgument.h in Headers */,
				5BAA18241BCF00E600D59664 /* GHGherkinLineProtocol.h in Headers */,
				5BAA184A1BCF00F000D59664 /* GHScenarioOutline.h in Headers */,
				5BAA18201BCF00E600D59664 /* GHGherkinLine.h in Headers */,
				5BAA181B1BCF00E600D59664 /* GHGherkinDialectProviderProtocol.h in Headers */,
				5BAA18111BCF00E600D59664 /* GHAstBuilder.h in Headers */,
				5BAA18271BCF00E600D59664 /* GHParserException.h in Headers */,
				5BAA185C1BCF03DA00D59664 /* GHParser.h in Headers */,
				5BAA18221BCF00E600D59664 /* GHGherkinLineSpan.h in Headers */,
				5BAA18431BCF00F000D59664 /* GHNode.h in Headers */,
				5BAA183E1BCF00F000D59664 /* GHHasRowsProtocol.h in Headers */,
				5BAA18251BCF00E600D59664 /* GHParser+Extensions.h in Headers */,
				5BAA181E1BCF00E600D59664 /* GHGherkinLanguageConstants.h in Headers */,
				5BAA183D1BCF00F000D59664 /* GHHasLocationProtocol.h in Headers */,
				5BAA182B1BCF00E600D59664 /* GHTokenMatcher.h in Headers */,
				5BAA18381BCF00F000D59664 /* GHExamples.h in Headers */,
				5BAA18171BCF00E600D59664 /* GHGherkinLanguageSetting.h in Headers */,
				5BAA18191BCF00E600D59664 /* GHGherkinDialect.h in Headers */,
				DC83A4721CB7EC8400B0F0C7 /* GHGherkinDocument.h in Headers */,
				5BAA18401BCF00F000D59664 /* GHHasTagsProtocol.h in Headers */,
				5BAA18301BCF00F000D59664 /* GHBackground.h in Headers */,
				5BAA18411BCF00F000D59664 /* GHLocation.h in Headers */,
				5BAA18361BCF00F000D59664 /* GHDocString.h in Headers */,
				5BAA18501BCF00F000D59664 /* GHTableCell.h in Headers */,
				5BAA183C1BCF00F000D59664 /* GHHasDescriptionProtocol.h in Headers */,
				5BAA18291BCF00E600D59664 /* GHToken.h in Headers */,
				5BAA183F1BCF00F000D59664 /* GHHasStepsProtocol.h in Headers */,
				5BAA18481BCF00F000D59664 /* GHScenarioDefinition.h in Headers */,
				5BAA183A1BCF00F000D59664 /* GHFeature.h in Headers */,
				5BAA18471BCF00F000D59664 /* GHScenarioDefinition_Private.h in Headers */,
				5BAA18541BCF00F000D59664 /* GHTag.h in Headers */,
				5BAA18451BCF00F000D59664 /* GHScenario.h in Headers */,
				5BAA18321BCF00F000D59664 /* GHComment.h in Headers */,
				5BAA18131BCF00E600D59664 /* GHAstNode.h in Headers */,
				5BAA182D1BCF00E600D59664 /* GHTokenScanner.h in Headers */,
			);
			runOnlyForDeploymentPostprocessing = 0;
		};
/* End PBXHeadersBuildPhase section */

/* Begin PBXNativeTarget section */
		5B18C83E1BCD0BD400D16073 /* GherkiniOS */ = {
			isa = PBXNativeTarget;
			buildConfigurationList = 5B18C8481BCD0BD400D16073 /* Build configuration list for PBXNativeTarget "GherkiniOS" */;
			buildPhases = (
				5B18C83B1BCD0BD400D16073 /* Sources */,
				5B18C83C1BCD0BD400D16073 /* Frameworks */,
				5B18C83D1BCD0BD400D16073 /* CopyFiles */,
			);
			buildRules = (
			);
			dependencies = (
			);
			name = GherkiniOS;
			productName = Gherkin;
			productReference = 5B18C83F1BCD0BD400D16073 /* libGherkiniOS.a */;
			productType = "com.apple.product-type.library.static";
		};
		5B18C8A91BCDBF6200D16073 /* GherkinTestsiOS */ = {
			isa = PBXNativeTarget;
			buildConfigurationList = 5B18C8B21BCDBF6300D16073 /* Build configuration list for PBXNativeTarget "GherkinTestsiOS" */;
			buildPhases = (
				5B18C8A61BCDBF6200D16073 /* Sources */,
				5B18C8A71BCDBF6200D16073 /* Frameworks */,
				5B18C8A81BCDBF6200D16073 /* Resources */,
			);
			buildRules = (
			);
			dependencies = (
				5B18C8B11BCDBF6300D16073 /* PBXTargetDependency */,
			);
			name = GherkinTestsiOS;
			productName = GherkinTests;
			productReference = 5B18C8AA1BCDBF6200D16073 /* GherkinTestsiOS.xctest */;
			productType = "com.apple.product-type.bundle.unit-test";
		};
		5B99A5AF1BD03CD000233759 /* TokensGenerator */ = {
			isa = PBXNativeTarget;
			buildConfigurationList = 5B99A5BE1BD03CD000233759 /* Build configuration list for PBXNativeTarget "TokensGenerator" */;
			buildPhases = (
				5B99A5B41BD03CD000233759 /* Sources */,
				5B99A5B91BD03CD000233759 /* Frameworks */,
				5B99A5BB1BD03CD000233759 /* Resources */,
				5B99A5BD1BD03CD000233759 /* CopyFiles */,
			);
			buildRules = (
			);
			dependencies = (
				5B99A5B01BD03CD000233759 /* PBXTargetDependency */,
				5B99A5B21BD03CD000233759 /* PBXTargetDependency */,
			);
			name = TokensGenerator;
			productName = AstGenerator;
			productReference = 5B99A5C11BD03CD000233759 /* TokensGenerator */;
			productType = "com.apple.product-type.tool";
		};
		5BAA17E21BCEF4E900D59664 /* AstGenerator */ = {
			isa = PBXNativeTarget;
			buildConfigurationList = 5BAA17E71BCEF4EA00D59664 /* Build configuration list for PBXNativeTarget "AstGenerator" */;
			buildPhases = (
				5BAA17DF1BCEF4E900D59664 /* Sources */,
				5BAA17E01BCEF4E900D59664 /* Frameworks */,
				5BAA18001BCEFEDE00D59664 /* Resources */,
				5BAA17E11BCEF4E900D59664 /* CopyFiles */,
			);
			buildRules = (
			);
			dependencies = (
				5BAA18571BCF019400D59664 /* PBXTargetDependency */,
				5BAA18021BCEFEEA00D59664 /* PBXTargetDependency */,
			);
			name = AstGenerator;
			productName = AstGenerator;
			productReference = 5BAA17E31BCEF4E900D59664 /* AstGenerator */;
			productType = "com.apple.product-type.tool";
		};
		5BAA17F71BCEFEA500D59664 /* GherkinLanguages */ = {
			isa = PBXNativeTarget;
			buildConfigurationList = 5BAA17FB1BCEFEA500D59664 /* Build configuration list for PBXNativeTarget "GherkinLanguages" */;
			buildPhases = (
				5BAA17F41BCEFEA500D59664 /* Sources */,
				5BAA17F51BCEFEA500D59664 /* Frameworks */,
				5BAA17F61BCEFEA500D59664 /* Resources */,
			);
			buildRules = (
			);
			dependencies = (
			);
			name = GherkinLanguages;
			productName = GherkinLanguages;
			productReference = 5BAA17F81BCEFEA500D59664 /* GherkinLanguages.bundle */;
			productType = "com.apple.product-type.bundle";
		};
		5BAA18071BCF00DA00D59664 /* GherkinOSX */ = {
			isa = PBXNativeTarget;
			buildConfigurationList = 5BAA180E1BCF00DB00D59664 /* Build configuration list for PBXNativeTarget "GherkinOSX" */;
			buildPhases = (
				5BAA18041BCF00DA00D59664 /* Sources */,
				5BAA18051BCF00DA00D59664 /* Frameworks */,
				5BAA18061BCF00DA00D59664 /* Headers */,
			);
			buildRules = (
			);
			dependencies = (
			);
			name = GherkinOSX;
			productName = GherkinOSX;
			productReference = 5BAA18081BCF00DA00D59664 /* libGherkinOSX.a */;
			productType = "com.apple.product-type.library.static";
		};
		5BAA189A1BCFF81C00D59664 /* GherkinTestsOSX */ = {
			isa = PBXNativeTarget;
			buildConfigurationList = 5BAA18A31BCFF81C00D59664 /* Build configuration list for PBXNativeTarget "GherkinTestsOSX" */;
			buildPhases = (
				5BAA18971BCFF81C00D59664 /* Sources */,
				5BAA18981BCFF81C00D59664 /* Frameworks */,
				5BAA18991BCFF81C00D59664 /* Resources */,
			);
			buildRules = (
			);
			dependencies = (
				5BAA18A21BCFF81C00D59664 /* PBXTargetDependency */,
			);
			name = GherkinTestsOSX;
			productName = GherkinTests;
			productReference = 5BAA189B1BCFF81C00D59664 /* GherkinTestsOSX.xctest */;
			productType = "com.apple.product-type.bundle.unit-test";
		};
/* End PBXNativeTarget section */

/* Begin PBXProject section */
		5B18C8371BCD0BD400D16073 /* Project object */ = {
			isa = PBXProject;
			attributes = {
				LastUpgradeCheck = 1010;
				ORGANIZATIONNAME = Gherkin;
				TargetAttributes = {
					5B18C83E1BCD0BD400D16073 = {
						CreatedOnToolsVersion = 7.0;
					};
					5B18C8A91BCDBF6200D16073 = {
						CreatedOnToolsVersion = 7.0;
					};
					5BAA17E21BCEF4E900D59664 = {
						CreatedOnToolsVersion = 7.0;
					};
					5BAA17F71BCEFEA500D59664 = {
						CreatedOnToolsVersion = 7.0;
					};
					5BAA18071BCF00DA00D59664 = {
						CreatedOnToolsVersion = 7.0;
					};
					5BAA189A1BCFF81C00D59664 = {
						CreatedOnToolsVersion = 7.0;
					};
				};
			};
			buildConfigurationList = 5B18C83A1BCD0BD400D16073 /* Build configuration list for PBXProject "Gherkin" */;
			compatibilityVersion = "Xcode 3.2";
			developmentRegion = English;
			hasScannedForEncodings = 0;
			knownRegions = (
				en,
			);
			mainGroup = 5B18C8361BCD0BD400D16073;
			productRefGroup = 5B18C8401BCD0BD400D16073 /* Products */;
			projectDirPath = "";
			projectRoot = "";
			targets = (
				5B18C83E1BCD0BD400D16073 /* GherkiniOS */,
				5B18C8A91BCDBF6200D16073 /* GherkinTestsiOS */,
				5BAA17E21BCEF4E900D59664 /* AstGenerator */,
				5BAA17F71BCEFEA500D59664 /* GherkinLanguages */,
				5BAA18071BCF00DA00D59664 /* GherkinOSX */,
				5BAA189A1BCFF81C00D59664 /* GherkinTestsOSX */,
				5B99A5AF1BD03CD000233759 /* TokensGenerator */,
			);
		};
/* End PBXProject section */

/* Begin PBXResourcesBuildPhase section */
		5B18C8A81BCDBF6200D16073 /* Resources */ = {
			isa = PBXResourcesBuildPhase;
			buildActionMask = 2147483647;
			files = (
			);
			runOnlyForDeploymentPostprocessing = 0;
		};
		5B99A5BB1BD03CD000233759 /* Resources */ = {
			isa = PBXResourcesBuildPhase;
			buildActionMask = 2147483647;
			files = (
				5B99A5BC1BD03CD000233759 /* GherkinLanguages.bundle in Resources */,
			);
			runOnlyForDeploymentPostprocessing = 0;
		};
		5BAA17F61BCEFEA500D59664 /* Resources */ = {
			isa = PBXResourcesBuildPhase;
			buildActionMask = 2147483647;
			files = (
				5BAA17FF1BCEFEC200D59664 /* gherkin-languages.json in Resources */,
			);
			runOnlyForDeploymentPostprocessing = 0;
		};
		5BAA18001BCEFEDE00D59664 /* Resources */ = {
			isa = PBXResourcesBuildPhase;
			buildActionMask = 2147483647;
			files = (
				5BAA18031BCEFEF600D59664 /* GherkinLanguages.bundle in Resources */,
			);
			runOnlyForDeploymentPostprocessing = 0;
		};
		5BAA18991BCFF81C00D59664 /* Resources */ = {
			isa = PBXResourcesBuildPhase;
			buildActionMask = 2147483647;
			files = (
			);
			runOnlyForDeploymentPostprocessing = 0;
		};
/* End PBXResourcesBuildPhase section */

/* Begin PBXSourcesBuildPhase section */
		5B18C83B1BCD0BD400D16073 /* Sources */ = {
			isa = PBXSourcesBuildPhase;
			buildActionMask = 2147483647;
			files = (
				5B18C8981BCD5C2800D16073 /* GHGherkinDialectProvider.m in Sources */,
				5B18C8EB1BCE423800D16073 /* GHScenarioOutline.m in Sources */,
				5BAA185D1BCF061800D59664 /* GHParser+Extensions.m in Sources */,
				5B18C89C1BCD747D00D16073 /* NSString+Trim.m in Sources */,
				5B18C8EE1BCE423800D16073 /* GHTableCell.m in Sources */,
				5B18C8A51BCDA46C00D16073 /* GHAstNode.m in Sources */,
				5B18C8E91BCE423800D16073 /* GHScenario.m in Sources */,
				5B18C8E61BCE423800D16073 /* GHFeature.m in Sources */,
				5B18C8EC1BCE423800D16073 /* GHStep.m in Sources */,
				5B18C8E81BCE423800D16073 /* GHNode.m in Sources */,
				5B18C8F01BCE423800D16073 /* GHTag.m in Sources */,
				5B18C8951BCD5C1C00D16073 /* GHToken.m in Sources */,
				5B18C8E41BCE423800D16073 /* GHDocString.m in Sources */,
				5B18C8E71BCE423800D16073 /* GHLocation.m in Sources */,
				5B18C89F1BCD797800D16073 /* GHGherkinLanguageSetting.m in Sources */,
				5B18C8E31BCE423800D16073 /* GHDataTable.m in Sources */,
				5B18C8ED1BCE423800D16073 /* GHStepArgument.m in Sources */,
				5B18C8E51BCE423800D16073 /* GHExamples.m in Sources */,
				5B18C88A1BCD35B900D16073 /* GHTokenScanner.m in Sources */,
				5B18C8E11BCE423800D16073 /* GHBackground.m in Sources */,
				5B18C8F71BCEB58100D16073 /* GHParserException.m in Sources */,
				5B18C8F51BCE970E00D16073 /* GHParser.m in Sources */,
				5B18C8961BCD5C2300D16073 /* GHGherkinLine.m in Sources */,
				5B18C8901BCD3EA200D16073 /* GHGherkinDialect.m in Sources */,
				5B18C8A01BCD81FC00D16073 /* GHTokenMatcher.m in Sources */,
				5B18C8EA1BCE423800D16073 /* GHScenarioDefinition.m in Sources */,
				5B18C8E21BCE423800D16073 /* GHComment.m in Sources */,
				5B18C88E1BCD3D6300D16073 /* GHGherkinLineSpan.m in Sources */,
				5B18C8971BCD5C2600D16073 /* GHGherkinLanguageConstants.m in Sources */,
				5B18C8B81BCDC06E00D16073 /* GHAstBuilder.m in Sources */,
				5B18C8EF1BCE423800D16073 /* GHTableRow.m in Sources */,
			);
			runOnlyForDeploymentPostprocessing = 0;
		};
		5B18C8A61BCDBF6200D16073 /* Sources */ = {
			isa = PBXSourcesBuildPhase;
			buildActionMask = 2147483647;
			files = (
				5BAA18A91BCFFBB800D59664 /* GHLineEndingHelper.m in Sources */,
				5BAA17DE1BCED40600D59664 /* GHGherkinTokenizationTest.m in Sources */,
				5B18C8B61BCDBF8A00D16073 /* GHGherkinLineTest.m in Sources */,
			);
			runOnlyForDeploymentPostprocessing = 0;
		};
		5B99A5B41BD03CD000233759 /* Sources */ = {
			isa = PBXSourcesBuildPhase;
			buildActionMask = 2147483647;
			files = (
				5B99A5C61BD03D6500233759 /* main.m in Sources */,
				5B0264031BD03E510040F71E /* GHTokenFormatterBuilder.m in Sources */,
				5B99A5B61BD03CD000233759 /* NSObject+Dictionary.m in Sources */,
				5B99A5B71BD03CD000233759 /* GHAstGenerator.m in Sources */,
				5B0264061BD03FB00040F71E /* GHTestTokenFormatter.m in Sources */,
				5B0264001BD03E190040F71E /* GHTokensGenerator.m in Sources */,
				5B99A5B81BD03CD000233759 /* GHLineEndingHelper.m in Sources */,
			);
			runOnlyForDeploymentPostprocessing = 0;
		};
		5BAA17DF1BCEF4E900D59664 /* Sources */ = {
			isa = PBXSourcesBuildPhase;
			buildActionMask = 2147483647;
			files = (
				5BAA17E61BCEF4EA00D59664 /* main.m in Sources */,
				5BAA18911BCF923700D59664 /* NSObject+Dictionary.m in Sources */,
				5BAA17EC1BCEF60600D59664 /* GHAstGenerator.m in Sources */,
				5BAA17F01BCEF81100D59664 /* GHLineEndingHelper.m in Sources */,
			);
			runOnlyForDeploymentPostprocessing = 0;
		};
		5BAA17F41BCEFEA500D59664 /* Sources */ = {
			isa = PBXSourcesBuildPhase;
			buildActionMask = 2147483647;
			files = (
			);
			runOnlyForDeploymentPostprocessing = 0;
		};
		5BAA18041BCF00DA00D59664 /* Sources */ = {
			isa = PBXSourcesBuildPhase;
			buildActionMask = 2147483647;
			files = (
				5BAA18261BCF00E600D59664 /* GHParser+Extensions.m in Sources */,
				5BAA185E1BCF06C800D59664 /* GHParser.m in Sources */,
				5BAA18281BCF00E600D59664 /* GHParserException.m in Sources */,
				5BAA182E1BCF00E600D59664 /* GHTokenScanner.m in Sources */,
				DC83A4741CB7EE0A00B0F0C7 /* GHGherkinDocument.m in Sources */,
				5BAA18211BCF00E600D59664 /* GHGherkinLine.m in Sources */,
				5BAA18311BCF00F000D59664 /* GHBackground.m in Sources */,
				5BAA18331BCF00F000D59664 /* GHComment.m in Sources */,
				5BAA181D1BCF00E600D59664 /* GHGherkinDialectProvider.m in Sources */,
				5BAA18491BCF00F000D59664 /* GHScenarioDefinition.m in Sources */,
				5BAA182C1BCF00E600D59664 /* GHTokenMatcher.m in Sources */,
				5BAA18231BCF00E600D59664 /* GHGherkinLineSpan.m in Sources */,
				5BAA182A1BCF00E600D59664 /* GHToken.m in Sources */,
				5BAA18551BCF00F000D59664 /* GHTag.m in Sources */,
				5BAA18531BCF00F000D59664 /* GHTableRow.m in Sources */,
				5BAA18371BCF00F000D59664 /* GHDocString.m in Sources */,
				5BAA184D1BCF00F000D59664 /* GHStep.m in Sources */,
				5BAA183B1BCF00F000D59664 /* GHFeature.m in Sources */,
				5BAA18161BCF00E600D59664 /* NSString+Trim.m in Sources */,
				5BAA18461BCF00F000D59664 /* GHScenario.m in Sources */,
				5BAA18181BCF00E600D59664 /* GHGherkinLanguageSetting.m in Sources */,
				5BAA18441BCF00F000D59664 /* GHNode.m in Sources */,
				5BAA18121BCF00E600D59664 /* GHAstBuilder.m in Sources */,
				5BAA184F1BCF00F000D59664 /* GHStepArgument.m in Sources */,
				5BAA184B1BCF00F000D59664 /* GHScenarioOutline.m in Sources */,
				5BAA18391BCF00F000D59664 /* GHExamples.m in Sources */,
				5BAA181A1BCF00E600D59664 /* GHGherkinDialect.m in Sources */,
				5BAA18351BCF00F000D59664 /* GHDataTable.m in Sources */,
				5BAA18421BCF00F000D59664 /* GHLocation.m in Sources */,
				5BAA18511BCF00F000D59664 /* GHTableCell.m in Sources */,
				5BAA18141BCF00E600D59664 /* GHAstNode.m in Sources */,
				5BAA181F1BCF00E600D59664 /* GHGherkinLanguageConstants.m in Sources */,
			);
			runOnlyForDeploymentPostprocessing = 0;
		};
		5BAA18971BCFF81C00D59664 /* Sources */ = {
			isa = PBXSourcesBuildPhase;
			buildActionMask = 2147483647;
			files = (
				5BAA18A81BCFFBB700D59664 /* GHLineEndingHelper.m in Sources */,
				5BAA18A61BCFF8BB00D59664 /* GHGherkinLineTest.m in Sources */,
				5BAA18A71BCFF8BB00D59664 /* GHGherkinTokenizationTest.m in Sources */,
			);
			runOnlyForDeploymentPostprocessing = 0;
		};
/* End PBXSourcesBuildPhase section */

/* Begin PBXTargetDependency section */
		5B18C8B11BCDBF6300D16073 /* PBXTargetDependency */ = {
			isa = PBXTargetDependency;
			target = 5B18C83E1BCD0BD400D16073 /* GherkiniOS */;
			targetProxy = 5B18C8B01BCDBF6300D16073 /* PBXContainerItemProxy */;
		};
		5B99A5B01BD03CD000233759 /* PBXTargetDependency */ = {
			isa = PBXTargetDependency;
			target = 5BAA18071BCF00DA00D59664 /* GherkinOSX */;
			targetProxy = 5B99A5B11BD03CD000233759 /* PBXContainerItemProxy */;
		};
		5B99A5B21BD03CD000233759 /* PBXTargetDependency */ = {
			isa = PBXTargetDependency;
			target = 5BAA17F71BCEFEA500D59664 /* GherkinLanguages */;
			targetProxy = 5B99A5B31BD03CD000233759 /* PBXContainerItemProxy */;
		};
		5BAA18021BCEFEEA00D59664 /* PBXTargetDependency */ = {
			isa = PBXTargetDependency;
			target = 5BAA17F71BCEFEA500D59664 /* GherkinLanguages */;
			targetProxy = 5BAA18011BCEFEEA00D59664 /* PBXContainerItemProxy */;
		};
		5BAA18571BCF019400D59664 /* PBXTargetDependency */ = {
			isa = PBXTargetDependency;
			target = 5BAA18071BCF00DA00D59664 /* GherkinOSX */;
			targetProxy = 5BAA18561BCF019400D59664 /* PBXContainerItemProxy */;
		};
		5BAA18A21BCFF81C00D59664 /* PBXTargetDependency */ = {
			isa = PBXTargetDependency;
			target = 5BAA18071BCF00DA00D59664 /* GherkinOSX */;
			targetProxy = 5BAA18A11BCFF81C00D59664 /* PBXContainerItemProxy */;
		};
/* End PBXTargetDependency section */

/* Begin XCBuildConfiguration section */
		5B18C8461BCD0BD400D16073 /* Debug */ = {
			isa = XCBuildConfiguration;
			buildSettings = {
				ALWAYS_SEARCH_USER_PATHS = NO;
				CLANG_CXX_LANGUAGE_STANDARD = "gnu++0x";
				CLANG_CXX_LIBRARY = "libc++";
				CLANG_ENABLE_MODULES = YES;
				CLANG_ENABLE_OBJC_ARC = YES;
				CLANG_WARN_BLOCK_CAPTURE_AUTORELEASING = YES;
				CLANG_WARN_BOOL_CONVERSION = YES;
				CLANG_WARN_COMMA = YES;
				CLANG_WARN_CONSTANT_CONVERSION = YES;
				CLANG_WARN_DEPRECATED_OBJC_IMPLEMENTATIONS = YES;
				CLANG_WARN_DIRECT_OBJC_ISA_USAGE = YES_ERROR;
				CLANG_WARN_EMPTY_BODY = YES;
				CLANG_WARN_ENUM_CONVERSION = YES;
				CLANG_WARN_INFINITE_RECURSION = YES;
				CLANG_WARN_INT_CONVERSION = YES;
				CLANG_WARN_NON_LITERAL_NULL_CONVERSION = YES;
				CLANG_WARN_OBJC_IMPLICIT_RETAIN_SELF = YES;
				CLANG_WARN_OBJC_LITERAL_CONVERSION = YES;
				CLANG_WARN_OBJC_ROOT_CLASS = YES_ERROR;
				CLANG_WARN_RANGE_LOOP_ANALYSIS = YES;
				CLANG_WARN_STRICT_PROTOTYPES = YES;
				CLANG_WARN_SUSPICIOUS_MOVE = YES;
				CLANG_WARN_UNREACHABLE_CODE = YES;
				CLANG_WARN__DUPLICATE_METHOD_MATCH = YES;
				COPY_PHASE_STRIP = NO;
				DEBUG_INFORMATION_FORMAT = dwarf;
				ENABLE_STRICT_OBJC_MSGSEND = YES;
				ENABLE_TESTABILITY = YES;
				GCC_C_LANGUAGE_STANDARD = gnu99;
				GCC_DYNAMIC_NO_PIC = NO;
				GCC_NO_COMMON_BLOCKS = YES;
				GCC_OPTIMIZATION_LEVEL = 0;
				GCC_PREPROCESSOR_DEFINITIONS = (
					"DEBUG=1",
					"$(inherited)",
				);
				GCC_WARN_64_TO_32_BIT_CONVERSION = YES;
				GCC_WARN_ABOUT_RETURN_TYPE = YES_ERROR;
				GCC_WARN_UNDECLARED_SELECTOR = YES;
				GCC_WARN_UNINITIALIZED_AUTOS = YES_AGGRESSIVE;
				GCC_WARN_UNUSED_FUNCTION = YES;
				GCC_WARN_UNUSED_VARIABLE = YES;
				IPHONEOS_DEPLOYMENT_TARGET = 9.0;
				MTL_ENABLE_DEBUG_INFO = YES;
				ONLY_ACTIVE_ARCH = YES;
				SDKROOT = iphoneos;
			};
			name = Debug;
		};
		5B18C8471BCD0BD400D16073 /* Release */ = {
			isa = XCBuildConfiguration;
			buildSettings = {
				ALWAYS_SEARCH_USER_PATHS = NO;
				CLANG_CXX_LANGUAGE_STANDARD = "gnu++0x";
				CLANG_CXX_LIBRARY = "libc++";
				CLANG_ENABLE_MODULES = YES;
				CLANG_ENABLE_OBJC_ARC = YES;
				CLANG_WARN_BLOCK_CAPTURE_AUTORELEASING = YES;
				CLANG_WARN_BOOL_CONVERSION = YES;
				CLANG_WARN_COMMA = YES;
				CLANG_WARN_CONSTANT_CONVERSION = YES;
				CLANG_WARN_DEPRECATED_OBJC_IMPLEMENTATIONS = YES;
				CLANG_WARN_DIRECT_OBJC_ISA_USAGE = YES_ERROR;
				CLANG_WARN_EMPTY_BODY = YES;
				CLANG_WARN_ENUM_CONVERSION = YES;
				CLANG_WARN_INFINITE_RECURSION = YES;
				CLANG_WARN_INT_CONVERSION = YES;
				CLANG_WARN_NON_LITERAL_NULL_CONVERSION = YES;
				CLANG_WARN_OBJC_IMPLICIT_RETAIN_SELF = YES;
				CLANG_WARN_OBJC_LITERAL_CONVERSION = YES;
				CLANG_WARN_OBJC_ROOT_CLASS = YES_ERROR;
				CLANG_WARN_RANGE_LOOP_ANALYSIS = YES;
				CLANG_WARN_STRICT_PROTOTYPES = YES;
				CLANG_WARN_SUSPICIOUS_MOVE = YES;
				CLANG_WARN_UNREACHABLE_CODE = YES;
				CLANG_WARN__DUPLICATE_METHOD_MATCH = YES;
				COPY_PHASE_STRIP = NO;
				DEBUG_INFORMATION_FORMAT = "dwarf-with-dsym";
				ENABLE_NS_ASSERTIONS = NO;
				ENABLE_STRICT_OBJC_MSGSEND = YES;
				GCC_C_LANGUAGE_STANDARD = gnu99;
				GCC_NO_COMMON_BLOCKS = YES;
				GCC_WARN_64_TO_32_BIT_CONVERSION = YES;
				GCC_WARN_ABOUT_RETURN_TYPE = YES_ERROR;
				GCC_WARN_UNDECLARED_SELECTOR = YES;
				GCC_WARN_UNINITIALIZED_AUTOS = YES_AGGRESSIVE;
				GCC_WARN_UNUSED_FUNCTION = YES;
				GCC_WARN_UNUSED_VARIABLE = YES;
				IPHONEOS_DEPLOYMENT_TARGET = 9.0;
				MTL_ENABLE_DEBUG_INFO = NO;
				SDKROOT = iphoneos;
				VALIDATE_PRODUCT = YES;
			};
			name = Release;
		};
		5B18C8491BCD0BD400D16073 /* Debug */ = {
			isa = XCBuildConfiguration;
			buildSettings = {
				GCC_PREFIX_HEADER = Gherkin/Gherkin.pch;
				OTHER_LDFLAGS = "-ObjC";
				PRODUCT_NAME = "$(TARGET_NAME)";
				SKIP_INSTALL = YES;
			};
			name = Debug;
		};
		5B18C84A1BCD0BD400D16073 /* Release */ = {
			isa = XCBuildConfiguration;
			buildSettings = {
				GCC_PREFIX_HEADER = Gherkin/Gherkin.pch;
				OTHER_LDFLAGS = "-ObjC";
				PRODUCT_NAME = "$(TARGET_NAME)";
				SKIP_INSTALL = YES;
			};
			name = Release;
		};
		5B18C8B31BCDBF6300D16073 /* Debug */ = {
			isa = XCBuildConfiguration;
			buildSettings = {
				GCC_PREFIX_HEADER = Gherkin/Gherkin.pch;
				INFOPLIST_FILE = GherkinTests/Info.plist;
				LD_RUNPATH_SEARCH_PATHS = "$(inherited) @executable_path/Frameworks @loader_path/Frameworks";
				PRODUCT_BUNDLE_IDENTIFIER = com.gherkin.GherkinTests;
				PRODUCT_NAME = "$(TARGET_NAME)";
			};
			name = Debug;
		};
		5B18C8B41BCDBF6300D16073 /* Release */ = {
			isa = XCBuildConfiguration;
			buildSettings = {
				GCC_PREFIX_HEADER = Gherkin/Gherkin.pch;
				INFOPLIST_FILE = GherkinTests/Info.plist;
				LD_RUNPATH_SEARCH_PATHS = "$(inherited) @executable_path/Frameworks @loader_path/Frameworks";
				PRODUCT_BUNDLE_IDENTIFIER = com.gherkin.GherkinTests;
				PRODUCT_NAME = "$(TARGET_NAME)";
			};
			name = Release;
		};
		5B99A5BF1BD03CD000233759 /* Debug */ = {
			isa = XCBuildConfiguration;
			buildSettings = {
				GCC_PREFIX_HEADER = Gherkin/Gherkin.pch;
				MACOSX_DEPLOYMENT_TARGET = 10.10;
				OTHER_LDFLAGS = "-all_load";
				PRODUCT_NAME = "$(TARGET_NAME)";
				SDKROOT = macosx;
			};
			name = Debug;
		};
		5B99A5C01BD03CD000233759 /* Release */ = {
			isa = XCBuildConfiguration;
			buildSettings = {
				GCC_PREFIX_HEADER = Gherkin/Gherkin.pch;
				MACOSX_DEPLOYMENT_TARGET = 10.10;
				OTHER_LDFLAGS = "-all_load";
				PRODUCT_NAME = "$(TARGET_NAME)";
				SDKROOT = macosx;
			};
			name = Release;
		};
		5BAA17E81BCEF4EA00D59664 /* Debug */ = {
			isa = XCBuildConfiguration;
			buildSettings = {
				GCC_PREFIX_HEADER = Gherkin/Gherkin.pch;
				MACOSX_DEPLOYMENT_TARGET = 10.10;
				OTHER_LDFLAGS = "-all_load";
				PRODUCT_NAME = "$(TARGET_NAME)";
				SDKROOT = macosx;
			};
			name = Debug;
		};
		5BAA17E91BCEF4EA00D59664 /* Release */ = {
			isa = XCBuildConfiguration;
			buildSettings = {
				GCC_PREFIX_HEADER = Gherkin/Gherkin.pch;
				MACOSX_DEPLOYMENT_TARGET = 10.10;
				OTHER_LDFLAGS = "-all_load";
				PRODUCT_NAME = "$(TARGET_NAME)";
				SDKROOT = macosx;
			};
			name = Release;
		};
		5BAA17FC1BCEFEA500D59664 /* Debug */ = {
			isa = XCBuildConfiguration;
			buildSettings = {
				COMBINE_HIDPI_IMAGES = YES;
				INFOPLIST_FILE = GherkinLanguages/Info.plist;
				INSTALL_PATH = "$(LOCAL_LIBRARY_DIR)/Bundles";
				MACOSX_DEPLOYMENT_TARGET = 10.10;
				PRODUCT_BUNDLE_IDENTIFIER = com.gherkin.GherkinLanguages;
				PRODUCT_NAME = "$(TARGET_NAME)";
				SDKROOT = macosx;
				SKIP_INSTALL = YES;
				WRAPPER_EXTENSION = bundle;
			};
			name = Debug;
		};
		5BAA17FD1BCEFEA500D59664 /* Release */ = {
			isa = XCBuildConfiguration;
			buildSettings = {
				COMBINE_HIDPI_IMAGES = YES;
				INFOPLIST_FILE = GherkinLanguages/Info.plist;
				INSTALL_PATH = "$(LOCAL_LIBRARY_DIR)/Bundles";
				MACOSX_DEPLOYMENT_TARGET = 10.10;
				PRODUCT_BUNDLE_IDENTIFIER = com.gherkin.GherkinLanguages;
				PRODUCT_NAME = "$(TARGET_NAME)";
				SDKROOT = macosx;
				SKIP_INSTALL = YES;
				WRAPPER_EXTENSION = bundle;
			};
			name = Release;
		};
		5BAA180F1BCF00DB00D59664 /* Debug */ = {
			isa = XCBuildConfiguration;
			buildSettings = {
				EXECUTABLE_PREFIX = lib;
				GCC_PREFIX_HEADER = Gherkin/Gherkin.pch;
				MACOSX_DEPLOYMENT_TARGET = 10.10;
				PRODUCT_NAME = "$(TARGET_NAME)";
				SDKROOT = macosx;
			};
			name = Debug;
		};
		5BAA18101BCF00DB00D59664 /* Release */ = {
			isa = XCBuildConfiguration;
			buildSettings = {
				EXECUTABLE_PREFIX = lib;
				GCC_PREFIX_HEADER = Gherkin/Gherkin.pch;
				MACOSX_DEPLOYMENT_TARGET = 10.10;
				PRODUCT_NAME = "$(TARGET_NAME)";
				SDKROOT = macosx;
			};
			name = Release;
		};
		5BAA18A41BCFF81C00D59664 /* Debug */ = {
			isa = XCBuildConfiguration;
			buildSettings = {
				COMBINE_HIDPI_IMAGES = YES;
				GCC_PREFIX_HEADER = Gherkin/Gherkin.pch;
				INFOPLIST_FILE = GherkinTests/Info.plist;
				LD_RUNPATH_SEARCH_PATHS = "$(inherited) @executable_path/../Frameworks @loader_path/../Frameworks";
				MACOSX_DEPLOYMENT_TARGET = 10.10;
				PRODUCT_BUNDLE_IDENTIFIER = com.gherkin.GherkinTests;
				PRODUCT_NAME = "$(TARGET_NAME)";
				SDKROOT = macosx;
			};
			name = Debug;
		};
		5BAA18A51BCFF81C00D59664 /* Release */ = {
			isa = XCBuildConfiguration;
			buildSettings = {
				COMBINE_HIDPI_IMAGES = YES;
				GCC_PREFIX_HEADER = Gherkin/Gherkin.pch;
				INFOPLIST_FILE = GherkinTests/Info.plist;
				LD_RUNPATH_SEARCH_PATHS = "$(inherited) @executable_path/../Frameworks @loader_path/../Frameworks";
				MACOSX_DEPLOYMENT_TARGET = 10.10;
				PRODUCT_BUNDLE_IDENTIFIER = com.gherkin.GherkinTests;
				PRODUCT_NAME = "$(TARGET_NAME)";
				SDKROOT = macosx;
			};
			name = Release;
		};
/* End XCBuildConfiguration section */

/* Begin XCConfigurationList section */
		5B18C83A1BCD0BD400D16073 /* Build configuration list for PBXProject "Gherkin" */ = {
			isa = XCConfigurationList;
			buildConfigurations = (
				5B18C8461BCD0BD400D16073 /* Debug */,
				5B18C8471BCD0BD400D16073 /* Release */,
			);
			defaultConfigurationIsVisible = 0;
			defaultConfigurationName = Release;
		};
		5B18C8481BCD0BD400D16073 /* Build configuration list for PBXNativeTarget "GherkiniOS" */ = {
			isa = XCConfigurationList;
			buildConfigurations = (
				5B18C8491BCD0BD400D16073 /* Debug */,
				5B18C84A1BCD0BD400D16073 /* Release */,
			);
			defaultConfigurationIsVisible = 0;
			defaultConfigurationName = Release;
		};
		5B18C8B21BCDBF6300D16073 /* Build configuration list for PBXNativeTarget "GherkinTestsiOS" */ = {
			isa = XCConfigurationList;
			buildConfigurations = (
				5B18C8B31BCDBF6300D16073 /* Debug */,
				5B18C8B41BCDBF6300D16073 /* Release */,
			);
			defaultConfigurationIsVisible = 0;
			defaultConfigurationName = Release;
		};
		5B99A5BE1BD03CD000233759 /* Build configuration list for PBXNativeTarget "TokensGenerator" */ = {
			isa = XCConfigurationList;
			buildConfigurations = (
				5B99A5BF1BD03CD000233759 /* Debug */,
				5B99A5C01BD03CD000233759 /* Release */,
			);
			defaultConfigurationIsVisible = 0;
			defaultConfigurationName = Release;
		};
		5BAA17E71BCEF4EA00D59664 /* Build configuration list for PBXNativeTarget "AstGenerator" */ = {
			isa = XCConfigurationList;
			buildConfigurations = (
				5BAA17E81BCEF4EA00D59664 /* Debug */,
				5BAA17E91BCEF4EA00D59664 /* Release */,
			);
			defaultConfigurationIsVisible = 0;
			defaultConfigurationName = Release;
		};
		5BAA17FB1BCEFEA500D59664 /* Build configuration list for PBXNativeTarget "GherkinLanguages" */ = {
			isa = XCConfigurationList;
			buildConfigurations = (
				5BAA17FC1BCEFEA500D59664 /* Debug */,
				5BAA17FD1BCEFEA500D59664 /* Release */,
			);
			defaultConfigurationIsVisible = 0;
			defaultConfigurationName = Release;
		};
		5BAA180E1BCF00DB00D59664 /* Build configuration list for PBXNativeTarget "GherkinOSX" */ = {
			isa = XCConfigurationList;
			buildConfigurations = (
				5BAA180F1BCF00DB00D59664 /* Debug */,
				5BAA18101BCF00DB00D59664 /* Release */,
			);
			defaultConfigurationIsVisible = 0;
			defaultConfigurationName = Release;
		};
		5BAA18A31BCFF81C00D59664 /* Build configuration list for PBXNativeTarget "GherkinTestsOSX" */ = {
			isa = XCConfigurationList;
			buildConfigurations = (
				5BAA18A41BCFF81C00D59664 /* Debug */,
				5BAA18A51BCFF81C00D59664 /* Release */,
			);
			defaultConfigurationIsVisible = 0;
			defaultConfigurationName = Release;
		};
/* End XCConfigurationList section */
	};
	rootObject = 5B18C8371BCD0BD400D16073 /* Project object */;
}
