github.com/aslakhellesoy/gox v0.4.0 h1:0Zi24+Bp0v/9x/ViLN7mKdD4+tEP1WcXxbP1uxP7V6w=
github.com/aslakhellesoy/gox v0.4.0/go.mod h1:eWI5kaukwHdXWzQ7Hhfbb/F2NSO+VCPHIcsovzQd2sY=
github.com/cucumber/cucumber-messages-go v1.0.0 h1:IxYaPWALzu3hxyU2GcOVc653eulPpQ4HFE1HgjqvOnc=
github.com/cucumber/cucumber-messages-go v1.0.0/go.mod h1:pyOx/z0q3PlinqQcXb3+FEOfW7SNcG5XxprNyWAKW4Y=
github.com/davecgh/go-spew v1.1.1/go.mod h1:J7Y8YcW2NihsgmVo/mv3lAwl/skON4iLHjSsI+c5H38=
github.com/gogo/protobuf v1.1.1 h1:72R+M5VuhED/KujmZVcIquuo8mBgX4oVda//DQb3PXo=
github.com/gogo/protobuf v1.1.1/go.mod h1:r8qH/GZQm5c6nD/R0oafs1akxWv10x8SbQlK7atdtwQ=
github.com/golang/protobuf v1.2.0/go.mod h1:6lQm79b+lXiMfvg/cZm0SGofjICqVBUtrP5yJMmIC1U=
github.com/mitchellh/iochan v1.0.0 h1:C+X3KsSTLFVBr/tK1eYN/vs4rJcvsiLU338UhYPJWeY=
github.com/mitchellh/iochan v1.0.0/go.mod h1:JwYml1nuB7xOzsp52dPpHFffvOCDupsG0QubkSMEySY=
github.com/pmezard/go-difflib v1.0.0/go.mod h1:iKH77koFhYxTK1pcRnkKkqfTogsbg7gZNVY4sRDYZ/4=
github.com/stretchr/objx v0.1.1/go.mod h1:HFkY916IF+rwdDfMAkV7OtwuqBVzrE8GR6GFx+wExME=
github.com/stretchr/testify v1.2.2/go.mod h1:a8OnRcib4nhh0OaRAV+Yts87kKdq0PP7pXfy6kDkUVs=
